// !$*UTF8*$!
{
	archiveVersion = 1;
	classes = {
	};
	objectVersion = 51;
	objects = {

/* Begin PBXBuildFile section */
		4E0E688E51A9206DF7A003D3 /* Pods_MondaySally.framework in Frameworks */ = {isa = PBXBuildFile; fileRef = 4F5DECD00760518AB09407E4 /* Pods_MondaySally.framework */; };
		BB233C3D26A5D98800A443B0 /* CommuteViewModel.swift in Sources */ = {isa = PBXBuildFile; fileRef = BB233C3C26A5D98800A443B0 /* CommuteViewModel.swift */; };
		BB233C3F26A5E5F000A443B0 /* HomeResponse.swift in Sources */ = {isa = PBXBuildFile; fileRef = BB233C3E26A5E5F000A443B0 /* HomeResponse.swift */; };
		BB233C4126A5E60400A443B0 /* HomeViewModel.swift in Sources */ = {isa = PBXBuildFile; fileRef = BB233C4026A5E60400A443B0 /* HomeViewModel.swift */; };
		BB233C4326A5E67D00A443B0 /* HomeDataService.swift in Sources */ = {isa = PBXBuildFile; fileRef = BB233C4226A5E67D00A443B0 /* HomeDataService.swift */; };
		BB2FA681269F548100F09B4A /* TermsOfServiceViewController.swift in Sources */ = {isa = PBXBuildFile; fileRef = BB2FA680269F548100F09B4A /* TermsOfServiceViewController.swift */; };
		BB4CD4A926A07E1300BD1E91 /* GiftListResponse.swift in Sources */ = {isa = PBXBuildFile; fileRef = BB4CD4A826A07E1300BD1E91 /* GiftListResponse.swift */; };
		BB4CD4AB26A081D700BD1E91 /* GiftListViewModel.swift in Sources */ = {isa = PBXBuildFile; fileRef = BB4CD4AA26A081D700BD1E91 /* GiftListViewModel.swift */; };
		BB4CD4AD26A081E800BD1E91 /* GiftDetailViewModel.swift in Sources */ = {isa = PBXBuildFile; fileRef = BB4CD4AC26A081E800BD1E91 /* GiftDetailViewModel.swift */; };
		BB4CD4AF26A081F900BD1E91 /* GiftDetailResponse.swift in Sources */ = {isa = PBXBuildFile; fileRef = BB4CD4AE26A081F900BD1E91 /* GiftDetailResponse.swift */; };
		BB4CD4B126A0879E00BD1E91 /* GiftRequestInput.swift in Sources */ = {isa = PBXBuildFile; fileRef = BB4CD4B026A0879E00BD1E91 /* GiftRequestInput.swift */; };
		BB4CD4B326A087AC00BD1E91 /* GiftRequestResponse.swift in Sources */ = {isa = PBXBuildFile; fileRef = BB4CD4B226A087AC00BD1E91 /* GiftRequestResponse.swift */; };
		BB4CD4B526A087BF00BD1E91 /* GiftRequestViewModel.swift in Sources */ = {isa = PBXBuildFile; fileRef = BB4CD4B426A087BF00BD1E91 /* GiftRequestViewModel.swift */; };
		BB4CD4B726A087E600BD1E91 /* GiftHistoryViewModel.swift in Sources */ = {isa = PBXBuildFile; fileRef = BB4CD4B626A087E600BD1E91 /* GiftHistoryViewModel.swift */; };
		BB4CD4B926A0881000BD1E91 /* GiftHistoryResponse.swift in Sources */ = {isa = PBXBuildFile; fileRef = BB4CD4B826A0881000BD1E91 /* GiftHistoryResponse.swift */; };
		BB508C7826A92EB6002F5A19 /* TwinkleDeleteViewModel.swift in Sources */ = {isa = PBXBuildFile; fileRef = BB508C7726A92EB6002F5A19 /* TwinkleDeleteViewModel.swift */; };
		BB5A31F826A6020A00C814E4 /* ImageLoader.swift in Sources */ = {isa = PBXBuildFile; fileRef = BB5A31F726A6020A00C814E4 /* ImageLoader.swift */; };
		BB5A320026A6294400C814E4 /* UICollectionView.swift in Sources */ = {isa = PBXBuildFile; fileRef = BB5A31FF26A6294400C814E4 /* UICollectionView.swift */; };
		BB5A320226A73E0500C814E4 /* UITableView.swift in Sources */ = {isa = PBXBuildFile; fileRef = BB5A320126A73E0500C814E4 /* UITableView.swift */; };
		BB5A320426A7517E00C814E4 /* TwinkleDetailResponse.swift in Sources */ = {isa = PBXBuildFile; fileRef = BB5A320326A7517E00C814E4 /* TwinkleDetailResponse.swift */; };
		BB5A320626A7599D00C814E4 /* TwinkleDetailViewModel.swift in Sources */ = {isa = PBXBuildFile; fileRef = BB5A320526A7599D00C814E4 /* TwinkleDetailViewModel.swift */; };
		BB5A320826A7680300C814E4 /* TwinkleCommentWriteViewModel.swift in Sources */ = {isa = PBXBuildFile; fileRef = BB5A320726A7680300C814E4 /* TwinkleCommentWriteViewModel.swift */; };
		BB5A320A26A7729100C814E4 /* UIScrollView.swift in Sources */ = {isa = PBXBuildFile; fileRef = BB5A320926A7729100C814E4 /* UIScrollView.swift */; };
		BB5A320C26A779FC00C814E4 /* TwinkleCommentDeleteViewModel.swift in Sources */ = {isa = PBXBuildFile; fileRef = BB5A320B26A779FC00C814E4 /* TwinkleCommentDeleteViewModel.swift */; };
		BB5A320E26A868D600C814E4 /* CloverCurrentResponse.swift in Sources */ = {isa = PBXBuildFile; fileRef = BB5A320D26A868D600C814E4 /* CloverCurrentResponse.swift */; };
		BB5A321026A868E600C814E4 /* CloverUsedResponse.swift in Sources */ = {isa = PBXBuildFile; fileRef = BB5A320F26A868E600C814E4 /* CloverUsedResponse.swift */; };
		BB5A321226A86CE500C814E4 /* CloverCurrentViewModel.swift in Sources */ = {isa = PBXBuildFile; fileRef = BB5A321126A86CE500C814E4 /* CloverCurrentViewModel.swift */; };
		BB5A321426A86CF400C814E4 /* CloverUsedViewModel.swift in Sources */ = {isa = PBXBuildFile; fileRef = BB5A321326A86CF400C814E4 /* CloverUsedViewModel.swift */; };
		BB5D340926A96A170069BAD9 /* MyPageTableViewController.swift in Sources */ = {isa = PBXBuildFile; fileRef = BB5D340826A96A170069BAD9 /* MyPageTableViewController.swift */; };
		BB5D340B26AB87D30069BAD9 /* VersionCheckViewController.swift in Sources */ = {isa = PBXBuildFile; fileRef = BB5D340A26AB87D30069BAD9 /* VersionCheckViewController.swift */; };
		BB5D340D26AC3D8B0069BAD9 /* TwinkleEditInput.swift in Sources */ = {isa = PBXBuildFile; fileRef = BB5D340C26AC3D8B0069BAD9 /* TwinkleEditInput.swift */; };
		BB5D340F26AC56480069BAD9 /* TwinkleEditViewModel.swift in Sources */ = {isa = PBXBuildFile; fileRef = BB5D340E26AC56480069BAD9 /* TwinkleEditViewModel.swift */; };
		BB5FE581269243A100F2A7A6 /* TotalCloverViewController.swift in Sources */ = {isa = PBXBuildFile; fileRef = BB5FE580269243A100F2A7A6 /* TotalCloverViewController.swift */; };
		BB5FE583269243E200F2A7A6 /* UsedCloverViewController.swift in Sources */ = {isa = PBXBuildFile; fileRef = BB5FE582269243E200F2A7A6 /* UsedCloverViewController.swift */; };
		BB5FE5852692440400F2A7A6 /* CurrentCloverViewController.swift in Sources */ = {isa = PBXBuildFile; fileRef = BB5FE5842692440400F2A7A6 /* CurrentCloverViewController.swift */; };
		BB5FE587269247B600F2A7A6 /* TotalCloverCell.swift in Sources */ = {isa = PBXBuildFile; fileRef = BB5FE586269247B600F2A7A6 /* TotalCloverCell.swift */; };
		BB5FE589269247D600F2A7A6 /* UsedCloverCell.swift in Sources */ = {isa = PBXBuildFile; fileRef = BB5FE588269247D600F2A7A6 /* UsedCloverCell.swift */; };
		BB5FE58D26924B2100F2A7A6 /* AvailableGiftCell.swift in Sources */ = {isa = PBXBuildFile; fileRef = BB5FE58C26924B2100F2A7A6 /* AvailableGiftCell.swift */; };
		BB5FE58F2692DED600F2A7A6 /* GiftHistoryViewController.swift in Sources */ = {isa = PBXBuildFile; fileRef = BB5FE58E2692DED600F2A7A6 /* GiftHistoryViewController.swift */; };
		BB5FE5912692E00700F2A7A6 /* GiftHistoryCell.swift in Sources */ = {isa = PBXBuildFile; fileRef = BB5FE5902692E00700F2A7A6 /* GiftHistoryCell.swift */; };
		BB5FE5932692E1F000F2A7A6 /* GiftHistoryHeader.swift in Sources */ = {isa = PBXBuildFile; fileRef = BB5FE5922692E1F000F2A7A6 /* GiftHistoryHeader.swift */; };
		BB5FE5952692EBAA00F2A7A6 /* CloverRankingViewController.swift in Sources */ = {isa = PBXBuildFile; fileRef = BB5FE5942692EBAA00F2A7A6 /* CloverRankingViewController.swift */; };
		BB5FE5972692EBC200F2A7A6 /* CloverRankingCell.swift in Sources */ = {isa = PBXBuildFile; fileRef = BB5FE5962692EBC200F2A7A6 /* CloverRankingCell.swift */; };
		BB5FE5992692F0D200F2A7A6 /* GiftShopDetailViewController.swift in Sources */ = {isa = PBXBuildFile; fileRef = BB5FE5982692F0D200F2A7A6 /* GiftShopDetailViewController.swift */; };
		BB5FE59B2693577E00F2A7A6 /* GiftCompletedViewController.swift in Sources */ = {isa = PBXBuildFile; fileRef = BB5FE59A2693577E00F2A7A6 /* GiftCompletedViewController.swift */; };
		BB5FE59D269375D200F2A7A6 /* UITextView.swift in Sources */ = {isa = PBXBuildFile; fileRef = BB5FE59C269375D200F2A7A6 /* UITextView.swift */; };
		BB5FE59F26938F3600F2A7A6 /* TwinklePostViewController.swift in Sources */ = {isa = PBXBuildFile; fileRef = BB5FE59E26938F3600F2A7A6 /* TwinklePostViewController.swift */; };
		BB5FE5A126938F5400F2A7A6 /* TwinklePostImageViewController.swift in Sources */ = {isa = PBXBuildFile; fileRef = BB5FE5A026938F5400F2A7A6 /* TwinklePostImageViewController.swift */; };
		BB5FE5A326938F8F00F2A7A6 /* TwinklePostImageCell.swift in Sources */ = {isa = PBXBuildFile; fileRef = BB5FE5A226938F8F00F2A7A6 /* TwinklePostImageCell.swift */; };
		BB5FE5A526938FC200F2A7A6 /* TwinklePostCommentCell.swift in Sources */ = {isa = PBXBuildFile; fileRef = BB5FE5A426938FC200F2A7A6 /* TwinklePostCommentCell.swift */; };
		BB5FE5A72695AF8A00F2A7A6 /* TwinkleWriteViewController.swift in Sources */ = {isa = PBXBuildFile; fileRef = BB5FE5A62695AF8A00F2A7A6 /* TwinkleWriteViewController.swift */; };
		BB5FE5A92695EBF300F2A7A6 /* UITabBar.swift in Sources */ = {isa = PBXBuildFile; fileRef = BB5FE5A82695EBF300F2A7A6 /* UITabBar.swift */; };
		BB5FE5AB269636D100F2A7A6 /* TeamCodeIResponse.swift in Sources */ = {isa = PBXBuildFile; fileRef = BB5FE5AA269636D100F2A7A6 /* TeamCodeIResponse.swift */; };
		BB5FE5AD2696374F00F2A7A6 /* AutoLoginResponse.swift in Sources */ = {isa = PBXBuildFile; fileRef = BB5FE5AC2696374F00F2A7A6 /* AutoLoginResponse.swift */; };
		BB5FE5AF269637AB00F2A7A6 /* ResignationRequestResponse.swift in Sources */ = {isa = PBXBuildFile; fileRef = BB5FE5AE269637AB00F2A7A6 /* ResignationRequestResponse.swift */; };
		BB5FE5B126963CDF00F2A7A6 /* TeamCodeViewModel.swift in Sources */ = {isa = PBXBuildFile; fileRef = BB5FE5B026963CDF00F2A7A6 /* TeamCodeViewModel.swift */; };
		BB5FE5B326963CF200F2A7A6 /* AutoLoginViewModel.swift in Sources */ = {isa = PBXBuildFile; fileRef = BB5FE5B226963CF200F2A7A6 /* AutoLoginViewModel.swift */; };
		BB5FE5B526963D0600F2A7A6 /* ResignationViewModel.swift in Sources */ = {isa = PBXBuildFile; fileRef = BB5FE5B426963D0600F2A7A6 /* ResignationViewModel.swift */; };
		BB5FE5B82696417F00F2A7A6 /* AuthDataService.swift in Sources */ = {isa = PBXBuildFile; fileRef = BB5FE5B72696417F00F2A7A6 /* AuthDataService.swift */; };
		BB5FE5BA269705C300F2A7A6 /* AppVersionResponse.swift in Sources */ = {isa = PBXBuildFile; fileRef = BB5FE5B9269705C300F2A7A6 /* AppVersionResponse.swift */; };
		BB5FE5BE269709D100F2A7A6 /* MyProfileResponse.swift in Sources */ = {isa = PBXBuildFile; fileRef = BB5FE5BD269709D100F2A7A6 /* MyProfileResponse.swift */; };
		BB5FE5C026970F9200F2A7A6 /* EditProfileInput.swift in Sources */ = {isa = PBXBuildFile; fileRef = BB5FE5BF26970F9200F2A7A6 /* EditProfileInput.swift */; };
		BB5FE5C226972B5400F2A7A6 /* MyProfileViewModel.swift in Sources */ = {isa = PBXBuildFile; fileRef = BB5FE5C126972B5400F2A7A6 /* MyProfileViewModel.swift */; };
		BB5FE5C426982FE700F2A7A6 /* EditProfileViewModel.swift in Sources */ = {isa = PBXBuildFile; fileRef = BB5FE5C326982FE700F2A7A6 /* EditProfileViewModel.swift */; };
		BB5FE5CE269B7C2400F2A7A6 /* SallyNotificationAlert.swift in Sources */ = {isa = PBXBuildFile; fileRef = BB5FE5CD269B7C2400F2A7A6 /* SallyNotificationAlert.swift */; };
		BB5FE5D0269C74B800F2A7A6 /* GiftShopHeader.swift in Sources */ = {isa = PBXBuildFile; fileRef = BB5FE5CF269C74B800F2A7A6 /* GiftShopHeader.swift */; };
		BB5FE5D5269DB59500F2A7A6 /* GoogleService-Info.plist in Resources */ = {isa = PBXBuildFile; fileRef = BB5FE5D4269DB59500F2A7A6 /* GoogleService-Info.plist */; };
		BB5FE5D7269DD38600F2A7A6 /* FCMDeviceTokenSaveResponse.swift in Sources */ = {isa = PBXBuildFile; fileRef = BB5FE5D6269DD38600F2A7A6 /* FCMDeviceTokenSaveResponse.swift */; };
		BB5FE5D9269DDC4600F2A7A6 /* FCMDeviceTokenViewModel.swift in Sources */ = {isa = PBXBuildFile; fileRef = BB5FE5D8269DDC4600F2A7A6 /* FCMDeviceTokenViewModel.swift */; };
		BB5FE5DB269E28C800F2A7A6 /* NotoSansKR-Light.otf in Resources */ = {isa = PBXBuildFile; fileRef = BB5FE5DA269E28C800F2A7A6 /* NotoSansKR-Light.otf */; };
		BB73507126A35666004C955F /* CloverAccumulateResponse.swift in Sources */ = {isa = PBXBuildFile; fileRef = BB73507026A35666004C955F /* CloverAccumulateResponse.swift */; };
		BB73507326A3568D004C955F /* CloverRankingResponse.swift in Sources */ = {isa = PBXBuildFile; fileRef = BB73507226A3568D004C955F /* CloverRankingResponse.swift */; };
		BB73507526A356A7004C955F /* CloverDataService.swift in Sources */ = {isa = PBXBuildFile; fileRef = BB73507426A356A7004C955F /* CloverDataService.swift */; };
		BB73507726A356DD004C955F /* CloverAccumulateViewModel.swift in Sources */ = {isa = PBXBuildFile; fileRef = BB73507626A356DD004C955F /* CloverAccumulateViewModel.swift */; };
		BB73507926A356EC004C955F /* CloverRankingViewModel.swift in Sources */ = {isa = PBXBuildFile; fileRef = BB73507826A356EC004C955F /* CloverRankingViewModel.swift */; };
		BB73507B26A4AA7D004C955F /* TwinkleViewModel.swift in Sources */ = {isa = PBXBuildFile; fileRef = BB73507A26A4AA7D004C955F /* TwinkleViewModel.swift */; };
		BB73507D26A4AA93004C955F /* TwinkleResponse.swift in Sources */ = {isa = PBXBuildFile; fileRef = BB73507C26A4AA93004C955F /* TwinkleResponse.swift */; };
		BB73507F26A4AB12004C955F /* TwinkleProveResponse.swift in Sources */ = {isa = PBXBuildFile; fileRef = BB73507E26A4AB12004C955F /* TwinkleProveResponse.swift */; };
		BB73508126A4AB2D004C955F /* TwinkleProveViewModel.swift in Sources */ = {isa = PBXBuildFile; fileRef = BB73508026A4AB2D004C955F /* TwinkleProveViewModel.swift */; };
		BB73508326A4AB5A004C955F /* TwinkleWriteInput.swift in Sources */ = {isa = PBXBuildFile; fileRef = BB73508226A4AB5A004C955F /* TwinkleWriteInput.swift */; };
		BB73508526A4AB84004C955F /* NoDataResponse.swift in Sources */ = {isa = PBXBuildFile; fileRef = BB73508426A4AB84004C955F /* NoDataResponse.swift */; };
		BB73508826A4AD64004C955F /* TwinkleWriteViewModel.swift in Sources */ = {isa = PBXBuildFile; fileRef = BB73508726A4AD64004C955F /* TwinkleWriteViewModel.swift */; };
		BB73508A26A4AD76004C955F /* TwinkleLikeViewModel.swift in Sources */ = {isa = PBXBuildFile; fileRef = BB73508926A4AD76004C955F /* TwinkleLikeViewModel.swift */; };
		BB73508C26A4AEC8004C955F /* TwinkleDataService.swift in Sources */ = {isa = PBXBuildFile; fileRef = BB73508B26A4AEC8004C955F /* TwinkleDataService.swift */; };
		BBA56EEA268F2FDA000FDFC0 /* BM_Dohyeon.otf in Resources */ = {isa = PBXBuildFile; fileRef = BBA56EE9268F2FDA000FDFC0 /* BM_Dohyeon.otf */; };
		BBA56EEC268F360A000FDFC0 /* Main.storyboard in Resources */ = {isa = PBXBuildFile; fileRef = BBA56EEB268F360A000FDFC0 /* Main.storyboard */; };
		BBA56EEF268F6A73000FDFC0 /* MainNavigationViewController.swift in Sources */ = {isa = PBXBuildFile; fileRef = BBA56EEE268F6A73000FDFC0 /* MainNavigationViewController.swift */; };
		BBA56EF1268F6A9D000FDFC0 /* MainTabBarViewController.swift in Sources */ = {isa = PBXBuildFile; fileRef = BBA56EF0268F6A9D000FDFC0 /* MainTabBarViewController.swift */; };
		BBA56EF6268F6CAA000FDFC0 /* ProfileEditViewController.swift in Sources */ = {isa = PBXBuildFile; fileRef = BBA56EF5268F6CAA000FDFC0 /* ProfileEditViewController.swift */; };
		BBA56EF8268F6CEB000FDFC0 /* ResignationViewController.swift in Sources */ = {isa = PBXBuildFile; fileRef = BBA56EF7268F6CEB000FDFC0 /* ResignationViewController.swift */; };
		BBA56EFA268F6D26000FDFC0 /* HomeTabViewController.swift in Sources */ = {isa = PBXBuildFile; fileRef = BBA56EF9268F6D26000FDFC0 /* HomeTabViewController.swift */; };
		BBA56EFC268F6D36000FDFC0 /* GiftTabViewController.swift in Sources */ = {isa = PBXBuildFile; fileRef = BBA56EFB268F6D36000FDFC0 /* GiftTabViewController.swift */; };
		BBA56EFE268F6D41000FDFC0 /* TwinkleTabViewController.swift in Sources */ = {isa = PBXBuildFile; fileRef = BBA56EFD268F6D41000FDFC0 /* TwinkleTabViewController.swift */; };
		BBA56F01268F6D95000FDFC0 /* QRCodeViewController.swift in Sources */ = {isa = PBXBuildFile; fileRef = BBA56F00268F6D95000FDFC0 /* QRCodeViewController.swift */; };
		BBA56F032691A318000FDFC0 /* GiftCell.swift in Sources */ = {isa = PBXBuildFile; fileRef = BBA56F022691A318000FDFC0 /* GiftCell.swift */; };
		BBA56F082691C993000FDFC0 /* TwinkleTotalCell.swift in Sources */ = {isa = PBXBuildFile; fileRef = BBA56F072691C993000FDFC0 /* TwinkleTotalCell.swift */; };
		BBA56F0A2691CA57000FDFC0 /* TwinkleStatusViewController.swift in Sources */ = {isa = PBXBuildFile; fileRef = BBA56F092691CA57000FDFC0 /* TwinkleStatusViewController.swift */; };
		BBA56F0C2691CAD3000FDFC0 /* TwinkleStatusCell.swift in Sources */ = {isa = PBXBuildFile; fileRef = BBA56F0B2691CAD3000FDFC0 /* TwinkleStatusCell.swift */; };
		BBA56F0E2691D3EC000FDFC0 /* GiftHistoryPreViewController.swift in Sources */ = {isa = PBXBuildFile; fileRef = BBA56F0D2691D3EC000FDFC0 /* GiftHistoryPreViewController.swift */; };
		BBA56F102691D575000FDFC0 /* GiftHistoryPreViewCell.swift in Sources */ = {isa = PBXBuildFile; fileRef = BBA56F0F2691D575000FDFC0 /* GiftHistoryPreViewCell.swift */; };
		BBA56F142691DFC0000FDFC0 /* WorkingMemberPreViewCell.swift in Sources */ = {isa = PBXBuildFile; fileRef = BBA56F132691DFC0000FDFC0 /* WorkingMemberPreViewCell.swift */; };
		BBA56F16269221F6000FDFC0 /* CloverHistoryViewController.swift in Sources */ = {isa = PBXBuildFile; fileRef = BBA56F15269221F6000FDFC0 /* CloverHistoryViewController.swift */; };
		BBD09EB9268B49D400AF4A56 /* OnBoardingViewController.swift in Sources */ = {isa = PBXBuildFile; fileRef = BBD09EB8268B49D400AF4A56 /* OnBoardingViewController.swift */; };
		BBD09EBB268B4B6300AF4A56 /* RegisterViewController.swift in Sources */ = {isa = PBXBuildFile; fileRef = BBD09EBA268B4B6300AF4A56 /* RegisterViewController.swift */; };
		BBD09EC2268B9AE500AF4A56 /* NotoSansKR-Regular.otf in Resources */ = {isa = PBXBuildFile; fileRef = BBD09EBF268B9ABD00AF4A56 /* NotoSansKR-Regular.otf */; };
		BBD09EC4268B9FA200AF4A56 /* NotoSansKR-Thin.otf in Resources */ = {isa = PBXBuildFile; fileRef = BBD09EC3268B9F4B00AF4A56 /* NotoSansKR-Thin.otf */; };
		BBD09EC5268BA07400AF4A56 /* NotoSansKR-Medium.otf in Resources */ = {isa = PBXBuildFile; fileRef = BBD09EBE268B9AB700AF4A56 /* NotoSansKR-Medium.otf */; };
		BBD09EC6268BA07700AF4A56 /* NotoSansKR-Bold.otf in Resources */ = {isa = PBXBuildFile; fileRef = BBD09EBD268B9AB300AF4A56 /* NotoSansKR-Bold.otf */; };
		BBD09EC8268DC4AA00AF4A56 /* UIView.swift in Sources */ = {isa = PBXBuildFile; fileRef = BBD09EC7268DC4AA00AF4A56 /* UIView.swift */; };
		BBD09ECA268DCB0400AF4A56 /* OnBoardingInfo.swift in Sources */ = {isa = PBXBuildFile; fileRef = BBD09EC9268DCB0400AF4A56 /* OnBoardingInfo.swift */; };
		BBD09ECC268DCD7A00AF4A56 /* OnBoardingViewModel.swift in Sources */ = {isa = PBXBuildFile; fileRef = BBD09ECB268DCD7A00AF4A56 /* OnBoardingViewModel.swift */; };
		BBD09ECE268E079600AF4A56 /* JoinViewController.swift in Sources */ = {isa = PBXBuildFile; fileRef = BBD09ECD268E079600AF4A56 /* JoinViewController.swift */; };
		BBD09ED0268E07B100AF4A56 /* FailViewController.swift in Sources */ = {isa = PBXBuildFile; fileRef = BBD09ECF268E07B100AF4A56 /* FailViewController.swift */; };
		BBD09ED4268E0B3300AF4A56 /* RegisterNavigationViewController.swift in Sources */ = {isa = PBXBuildFile; fileRef = BBD09ED3268E0B3300AF4A56 /* RegisterNavigationViewController.swift */; };
		BBD09ED6268E14D300AF4A56 /* UITextField.swift in Sources */ = {isa = PBXBuildFile; fileRef = BBD09ED5268E14D300AF4A56 /* UITextField.swift */; };
		BBD620A026AE4833003EDC63 /* OpenSourceViewController.swift in Sources */ = {isa = PBXBuildFile; fileRef = BBD6209F26AE4833003EDC63 /* OpenSourceViewController.swift */; };
		BBD620A226AE4870003EDC63 /* MyPageTermsOfServiceViewController.swift in Sources */ = {isa = PBXBuildFile; fileRef = BBD620A126AE4870003EDC63 /* MyPageTermsOfServiceViewController.swift */; };
		BBD620A426AE4894003EDC63 /* MyPageOnBoardingViewController.swift in Sources */ = {isa = PBXBuildFile; fileRef = BBD620A326AE4894003EDC63 /* MyPageOnBoardingViewController.swift */; };
		BBE9FC9026A22E630057FDAD /* Int.swift in Sources */ = {isa = PBXBuildFile; fileRef = BBE9FC8F26A22E630057FDAD /* Int.swift */; };
		BBE9FC9226A285BB0057FDAD /* SallyAlert.swift in Sources */ = {isa = PBXBuildFile; fileRef = BBE9FC9126A285BB0057FDAD /* SallyAlert.swift */; };
		BBEB82F7268B008600B9CA54 /* AppDelegate.swift in Sources */ = {isa = PBXBuildFile; fileRef = BBEB82F6268B008600B9CA54 /* AppDelegate.swift */; };
		BBEB82F9268B008600B9CA54 /* SceneDelegate.swift in Sources */ = {isa = PBXBuildFile; fileRef = BBEB82F8268B008600B9CA54 /* SceneDelegate.swift */; };
		BBEB82FB268B008600B9CA54 /* IntroViewController.swift in Sources */ = {isa = PBXBuildFile; fileRef = BBEB82FA268B008600B9CA54 /* IntroViewController.swift */; };
		BBEB82FE268B008600B9CA54 /* Register.storyboard in Resources */ = {isa = PBXBuildFile; fileRef = BBEB82FC268B008600B9CA54 /* Register.storyboard */; };
		BBEB8300268B008D00B9CA54 /* Assets.xcassets in Resources */ = {isa = PBXBuildFile; fileRef = BBEB82FF268B008D00B9CA54 /* Assets.xcassets */; };
		BBEB8303268B008D00B9CA54 /* LaunchScreen.storyboard in Resources */ = {isa = PBXBuildFile; fileRef = BBEB8301268B008D00B9CA54 /* LaunchScreen.storyboard */; };
		BBEB8315268B045000B9CA54 /* Constant.swift in Sources */ = {isa = PBXBuildFile; fileRef = BBEB8314268B045000B9CA54 /* Constant.swift */; };
		BBEB8317268B049D00B9CA54 /* Device.swift in Sources */ = {isa = PBXBuildFile; fileRef = BBEB8316268B049D00B9CA54 /* Device.swift */; };
		BBEB8319268B04C800B9CA54 /* IndicatorView.swift in Sources */ = {isa = PBXBuildFile; fileRef = BBEB8318268B04C800B9CA54 /* IndicatorView.swift */; };
		BBEB831B268B04EE00B9CA54 /* Date.swift in Sources */ = {isa = PBXBuildFile; fileRef = BBEB831A268B04EE00B9CA54 /* Date.swift */; };
		BBEB831D268B050B00B9CA54 /* String.swift in Sources */ = {isa = PBXBuildFile; fileRef = BBEB831C268B050B00B9CA54 /* String.swift */; };
		BBEB831F268B053900B9CA54 /* Color.swift in Sources */ = {isa = PBXBuildFile; fileRef = BBEB831E268B053900B9CA54 /* Color.swift */; };
		BBEB8321268B056400B9CA54 /* UIButton.swift in Sources */ = {isa = PBXBuildFile; fileRef = BBEB8320268B056400B9CA54 /* UIButton.swift */; };
		BBEB8323268B057E00B9CA54 /* UIViewController.swift in Sources */ = {isa = PBXBuildFile; fileRef = BBEB8322268B057E00B9CA54 /* UIViewController.swift */; };
		BBEB8325268B05CC00B9CA54 /* UINavigationBar.swift in Sources */ = {isa = PBXBuildFile; fileRef = BBEB8324268B05CC00B9CA54 /* UINavigationBar.swift */; };
		BBEB8327268B0B5700B9CA54 /* BaseViewController.swift in Sources */ = {isa = PBXBuildFile; fileRef = BBEB8326268B0B5700B9CA54 /* BaseViewController.swift */; };
		BBEB8329268B0D6100B9CA54 /* JwtToken.swift in Sources */ = {isa = PBXBuildFile; fileRef = BBEB8328268B0D6100B9CA54 /* JwtToken.swift */; };
		BBEF261626A1F4FF00893DD5 /* EditProfileResponse.swift in Sources */ = {isa = PBXBuildFile; fileRef = BBEF261526A1F4FF00893DD5 /* EditProfileResponse.swift */; };
		BBEF261826A1F5F900893DD5 /* GiftDataService.swift in Sources */ = {isa = PBXBuildFile; fileRef = BBEF261726A1F5F900893DD5 /* GiftDataService.swift */; };
/* End PBXBuildFile section */

/* Begin PBXFileReference section */
		12056DD067E4AC28B679051F /* Pods-MondaySally.debug.xcconfig */ = {isa = PBXFileReference; includeInIndex = 1; lastKnownFileType = text.xcconfig; name = "Pods-MondaySally.debug.xcconfig"; path = "Target Support Files/Pods-MondaySally/Pods-MondaySally.debug.xcconfig"; sourceTree = "<group>"; };
		4F5DECD00760518AB09407E4 /* Pods_MondaySally.framework */ = {isa = PBXFileReference; explicitFileType = wrapper.framework; includeInIndex = 0; path = Pods_MondaySally.framework; sourceTree = BUILT_PRODUCTS_DIR; };
		BB233C3C26A5D98800A443B0 /* CommuteViewModel.swift */ = {isa = PBXFileReference; lastKnownFileType = sourcecode.swift; path = CommuteViewModel.swift; sourceTree = "<group>"; };
		BB233C3E26A5E5F000A443B0 /* HomeResponse.swift */ = {isa = PBXFileReference; lastKnownFileType = sourcecode.swift; path = HomeResponse.swift; sourceTree = "<group>"; };
		BB233C4026A5E60400A443B0 /* HomeViewModel.swift */ = {isa = PBXFileReference; lastKnownFileType = sourcecode.swift; path = HomeViewModel.swift; sourceTree = "<group>"; };
		BB233C4226A5E67D00A443B0 /* HomeDataService.swift */ = {isa = PBXFileReference; lastKnownFileType = sourcecode.swift; path = HomeDataService.swift; sourceTree = "<group>"; };
		BB2FA680269F548100F09B4A /* TermsOfServiceViewController.swift */ = {isa = PBXFileReference; lastKnownFileType = sourcecode.swift; path = TermsOfServiceViewController.swift; sourceTree = "<group>"; };
		BB4CD4A826A07E1300BD1E91 /* GiftListResponse.swift */ = {isa = PBXFileReference; lastKnownFileType = sourcecode.swift; path = GiftListResponse.swift; sourceTree = "<group>"; };
		BB4CD4AA26A081D700BD1E91 /* GiftListViewModel.swift */ = {isa = PBXFileReference; lastKnownFileType = sourcecode.swift; path = GiftListViewModel.swift; sourceTree = "<group>"; };
		BB4CD4AC26A081E800BD1E91 /* GiftDetailViewModel.swift */ = {isa = PBXFileReference; lastKnownFileType = sourcecode.swift; path = GiftDetailViewModel.swift; sourceTree = "<group>"; };
		BB4CD4AE26A081F900BD1E91 /* GiftDetailResponse.swift */ = {isa = PBXFileReference; lastKnownFileType = sourcecode.swift; path = GiftDetailResponse.swift; sourceTree = "<group>"; };
		BB4CD4B026A0879E00BD1E91 /* GiftRequestInput.swift */ = {isa = PBXFileReference; lastKnownFileType = sourcecode.swift; path = GiftRequestInput.swift; sourceTree = "<group>"; };
		BB4CD4B226A087AC00BD1E91 /* GiftRequestResponse.swift */ = {isa = PBXFileReference; lastKnownFileType = sourcecode.swift; path = GiftRequestResponse.swift; sourceTree = "<group>"; };
		BB4CD4B426A087BF00BD1E91 /* GiftRequestViewModel.swift */ = {isa = PBXFileReference; lastKnownFileType = sourcecode.swift; path = GiftRequestViewModel.swift; sourceTree = "<group>"; };
		BB4CD4B626A087E600BD1E91 /* GiftHistoryViewModel.swift */ = {isa = PBXFileReference; lastKnownFileType = sourcecode.swift; path = GiftHistoryViewModel.swift; sourceTree = "<group>"; };
		BB4CD4B826A0881000BD1E91 /* GiftHistoryResponse.swift */ = {isa = PBXFileReference; lastKnownFileType = sourcecode.swift; path = GiftHistoryResponse.swift; sourceTree = "<group>"; };
		BB508C7726A92EB6002F5A19 /* TwinkleDeleteViewModel.swift */ = {isa = PBXFileReference; lastKnownFileType = sourcecode.swift; path = TwinkleDeleteViewModel.swift; sourceTree = "<group>"; };
		BB5A31F726A6020A00C814E4 /* ImageLoader.swift */ = {isa = PBXFileReference; lastKnownFileType = sourcecode.swift; path = ImageLoader.swift; sourceTree = "<group>"; };
		BB5A31FF26A6294400C814E4 /* UICollectionView.swift */ = {isa = PBXFileReference; lastKnownFileType = sourcecode.swift; path = UICollectionView.swift; sourceTree = "<group>"; };
		BB5A320126A73E0500C814E4 /* UITableView.swift */ = {isa = PBXFileReference; lastKnownFileType = sourcecode.swift; path = UITableView.swift; sourceTree = "<group>"; };
		BB5A320326A7517E00C814E4 /* TwinkleDetailResponse.swift */ = {isa = PBXFileReference; lastKnownFileType = sourcecode.swift; path = TwinkleDetailResponse.swift; sourceTree = "<group>"; };
		BB5A320526A7599D00C814E4 /* TwinkleDetailViewModel.swift */ = {isa = PBXFileReference; lastKnownFileType = sourcecode.swift; path = TwinkleDetailViewModel.swift; sourceTree = "<group>"; };
		BB5A320726A7680300C814E4 /* TwinkleCommentWriteViewModel.swift */ = {isa = PBXFileReference; lastKnownFileType = sourcecode.swift; path = TwinkleCommentWriteViewModel.swift; sourceTree = "<group>"; };
		BB5A320926A7729100C814E4 /* UIScrollView.swift */ = {isa = PBXFileReference; lastKnownFileType = sourcecode.swift; path = UIScrollView.swift; sourceTree = "<group>"; };
		BB5A320B26A779FC00C814E4 /* TwinkleCommentDeleteViewModel.swift */ = {isa = PBXFileReference; lastKnownFileType = sourcecode.swift; path = TwinkleCommentDeleteViewModel.swift; sourceTree = "<group>"; };
		BB5A320D26A868D600C814E4 /* CloverCurrentResponse.swift */ = {isa = PBXFileReference; lastKnownFileType = sourcecode.swift; path = CloverCurrentResponse.swift; sourceTree = "<group>"; };
		BB5A320F26A868E600C814E4 /* CloverUsedResponse.swift */ = {isa = PBXFileReference; lastKnownFileType = sourcecode.swift; path = CloverUsedResponse.swift; sourceTree = "<group>"; };
		BB5A321126A86CE500C814E4 /* CloverCurrentViewModel.swift */ = {isa = PBXFileReference; lastKnownFileType = sourcecode.swift; path = CloverCurrentViewModel.swift; sourceTree = "<group>"; };
		BB5A321326A86CF400C814E4 /* CloverUsedViewModel.swift */ = {isa = PBXFileReference; lastKnownFileType = sourcecode.swift; path = CloverUsedViewModel.swift; sourceTree = "<group>"; };
		BB5D340826A96A170069BAD9 /* MyPageTableViewController.swift */ = {isa = PBXFileReference; lastKnownFileType = sourcecode.swift; path = MyPageTableViewController.swift; sourceTree = "<group>"; };
		BB5D340A26AB87D30069BAD9 /* VersionCheckViewController.swift */ = {isa = PBXFileReference; lastKnownFileType = sourcecode.swift; path = VersionCheckViewController.swift; sourceTree = "<group>"; };
		BB5D340C26AC3D8B0069BAD9 /* TwinkleEditInput.swift */ = {isa = PBXFileReference; lastKnownFileType = sourcecode.swift; path = TwinkleEditInput.swift; sourceTree = "<group>"; };
		BB5D340E26AC56480069BAD9 /* TwinkleEditViewModel.swift */ = {isa = PBXFileReference; lastKnownFileType = sourcecode.swift; path = TwinkleEditViewModel.swift; sourceTree = "<group>"; };
		BB5FE580269243A100F2A7A6 /* TotalCloverViewController.swift */ = {isa = PBXFileReference; lastKnownFileType = sourcecode.swift; path = TotalCloverViewController.swift; sourceTree = "<group>"; };
		BB5FE582269243E200F2A7A6 /* UsedCloverViewController.swift */ = {isa = PBXFileReference; lastKnownFileType = sourcecode.swift; path = UsedCloverViewController.swift; sourceTree = "<group>"; };
		BB5FE5842692440400F2A7A6 /* CurrentCloverViewController.swift */ = {isa = PBXFileReference; lastKnownFileType = sourcecode.swift; path = CurrentCloverViewController.swift; sourceTree = "<group>"; };
		BB5FE586269247B600F2A7A6 /* TotalCloverCell.swift */ = {isa = PBXFileReference; lastKnownFileType = sourcecode.swift; path = TotalCloverCell.swift; sourceTree = "<group>"; };
		BB5FE588269247D600F2A7A6 /* UsedCloverCell.swift */ = {isa = PBXFileReference; lastKnownFileType = sourcecode.swift; path = UsedCloverCell.swift; sourceTree = "<group>"; };
		BB5FE58C26924B2100F2A7A6 /* AvailableGiftCell.swift */ = {isa = PBXFileReference; lastKnownFileType = sourcecode.swift; path = AvailableGiftCell.swift; sourceTree = "<group>"; };
		BB5FE58E2692DED600F2A7A6 /* GiftHistoryViewController.swift */ = {isa = PBXFileReference; lastKnownFileType = sourcecode.swift; path = GiftHistoryViewController.swift; sourceTree = "<group>"; };
		BB5FE5902692E00700F2A7A6 /* GiftHistoryCell.swift */ = {isa = PBXFileReference; lastKnownFileType = sourcecode.swift; path = GiftHistoryCell.swift; sourceTree = "<group>"; };
		BB5FE5922692E1F000F2A7A6 /* GiftHistoryHeader.swift */ = {isa = PBXFileReference; lastKnownFileType = sourcecode.swift; path = GiftHistoryHeader.swift; sourceTree = "<group>"; };
		BB5FE5942692EBAA00F2A7A6 /* CloverRankingViewController.swift */ = {isa = PBXFileReference; lastKnownFileType = sourcecode.swift; path = CloverRankingViewController.swift; sourceTree = "<group>"; };
		BB5FE5962692EBC200F2A7A6 /* CloverRankingCell.swift */ = {isa = PBXFileReference; lastKnownFileType = sourcecode.swift; path = CloverRankingCell.swift; sourceTree = "<group>"; };
		BB5FE5982692F0D200F2A7A6 /* GiftShopDetailViewController.swift */ = {isa = PBXFileReference; lastKnownFileType = sourcecode.swift; path = GiftShopDetailViewController.swift; sourceTree = "<group>"; };
		BB5FE59A2693577E00F2A7A6 /* GiftCompletedViewController.swift */ = {isa = PBXFileReference; lastKnownFileType = sourcecode.swift; path = GiftCompletedViewController.swift; sourceTree = "<group>"; };
		BB5FE59C269375D200F2A7A6 /* UITextView.swift */ = {isa = PBXFileReference; lastKnownFileType = sourcecode.swift; path = UITextView.swift; sourceTree = "<group>"; };
		BB5FE59E26938F3600F2A7A6 /* TwinklePostViewController.swift */ = {isa = PBXFileReference; lastKnownFileType = sourcecode.swift; path = TwinklePostViewController.swift; sourceTree = "<group>"; };
		BB5FE5A026938F5400F2A7A6 /* TwinklePostImageViewController.swift */ = {isa = PBXFileReference; lastKnownFileType = sourcecode.swift; path = TwinklePostImageViewController.swift; sourceTree = "<group>"; };
		BB5FE5A226938F8F00F2A7A6 /* TwinklePostImageCell.swift */ = {isa = PBXFileReference; lastKnownFileType = sourcecode.swift; path = TwinklePostImageCell.swift; sourceTree = "<group>"; };
		BB5FE5A426938FC200F2A7A6 /* TwinklePostCommentCell.swift */ = {isa = PBXFileReference; lastKnownFileType = sourcecode.swift; path = TwinklePostCommentCell.swift; sourceTree = "<group>"; };
		BB5FE5A62695AF8A00F2A7A6 /* TwinkleWriteViewController.swift */ = {isa = PBXFileReference; lastKnownFileType = sourcecode.swift; path = TwinkleWriteViewController.swift; sourceTree = "<group>"; };
		BB5FE5A82695EBF300F2A7A6 /* UITabBar.swift */ = {isa = PBXFileReference; lastKnownFileType = sourcecode.swift; path = UITabBar.swift; sourceTree = "<group>"; };
		BB5FE5AA269636D100F2A7A6 /* TeamCodeIResponse.swift */ = {isa = PBXFileReference; lastKnownFileType = sourcecode.swift; path = TeamCodeIResponse.swift; sourceTree = "<group>"; };
		BB5FE5AC2696374F00F2A7A6 /* AutoLoginResponse.swift */ = {isa = PBXFileReference; lastKnownFileType = sourcecode.swift; path = AutoLoginResponse.swift; sourceTree = "<group>"; };
		BB5FE5AE269637AB00F2A7A6 /* ResignationRequestResponse.swift */ = {isa = PBXFileReference; lastKnownFileType = sourcecode.swift; path = ResignationRequestResponse.swift; sourceTree = "<group>"; };
		BB5FE5B026963CDF00F2A7A6 /* TeamCodeViewModel.swift */ = {isa = PBXFileReference; lastKnownFileType = sourcecode.swift; path = TeamCodeViewModel.swift; sourceTree = "<group>"; };
		BB5FE5B226963CF200F2A7A6 /* AutoLoginViewModel.swift */ = {isa = PBXFileReference; lastKnownFileType = sourcecode.swift; path = AutoLoginViewModel.swift; sourceTree = "<group>"; };
		BB5FE5B426963D0600F2A7A6 /* ResignationViewModel.swift */ = {isa = PBXFileReference; lastKnownFileType = sourcecode.swift; path = ResignationViewModel.swift; sourceTree = "<group>"; };
		BB5FE5B72696417F00F2A7A6 /* AuthDataService.swift */ = {isa = PBXFileReference; lastKnownFileType = sourcecode.swift; path = AuthDataService.swift; sourceTree = "<group>"; };
		BB5FE5B9269705C300F2A7A6 /* AppVersionResponse.swift */ = {isa = PBXFileReference; lastKnownFileType = sourcecode.swift; path = AppVersionResponse.swift; sourceTree = "<group>"; };
		BB5FE5BD269709D100F2A7A6 /* MyProfileResponse.swift */ = {isa = PBXFileReference; lastKnownFileType = sourcecode.swift; path = MyProfileResponse.swift; sourceTree = "<group>"; };
		BB5FE5BF26970F9200F2A7A6 /* EditProfileInput.swift */ = {isa = PBXFileReference; lastKnownFileType = sourcecode.swift; path = EditProfileInput.swift; sourceTree = "<group>"; };
		BB5FE5C126972B5400F2A7A6 /* MyProfileViewModel.swift */ = {isa = PBXFileReference; lastKnownFileType = sourcecode.swift; path = MyProfileViewModel.swift; sourceTree = "<group>"; };
		BB5FE5C326982FE700F2A7A6 /* EditProfileViewModel.swift */ = {isa = PBXFileReference; lastKnownFileType = sourcecode.swift; path = EditProfileViewModel.swift; sourceTree = "<group>"; };
		BB5FE5CD269B7C2400F2A7A6 /* SallyNotificationAlert.swift */ = {isa = PBXFileReference; lastKnownFileType = sourcecode.swift; path = SallyNotificationAlert.swift; sourceTree = "<group>"; };
		BB5FE5CF269C74B800F2A7A6 /* GiftShopHeader.swift */ = {isa = PBXFileReference; lastKnownFileType = sourcecode.swift; path = GiftShopHeader.swift; sourceTree = "<group>"; };
		BB5FE5D3269DB06000F2A7A6 /* MondaySally.entitlements */ = {isa = PBXFileReference; lastKnownFileType = text.plist.entitlements; path = MondaySally.entitlements; sourceTree = "<group>"; };
		BB5FE5D4269DB59500F2A7A6 /* GoogleService-Info.plist */ = {isa = PBXFileReference; fileEncoding = 4; lastKnownFileType = text.plist.xml; path = "GoogleService-Info.plist"; sourceTree = "<group>"; };
		BB5FE5D6269DD38600F2A7A6 /* FCMDeviceTokenSaveResponse.swift */ = {isa = PBXFileReference; lastKnownFileType = sourcecode.swift; path = FCMDeviceTokenSaveResponse.swift; sourceTree = "<group>"; };
		BB5FE5D8269DDC4600F2A7A6 /* FCMDeviceTokenViewModel.swift */ = {isa = PBXFileReference; lastKnownFileType = sourcecode.swift; path = FCMDeviceTokenViewModel.swift; sourceTree = "<group>"; };
		BB5FE5DA269E28C800F2A7A6 /* NotoSansKR-Light.otf */ = {isa = PBXFileReference; lastKnownFileType = file; path = "NotoSansKR-Light.otf"; sourceTree = "<group>"; };
		BB73507026A35666004C955F /* CloverAccumulateResponse.swift */ = {isa = PBXFileReference; lastKnownFileType = sourcecode.swift; path = CloverAccumulateResponse.swift; sourceTree = "<group>"; };
		BB73507226A3568D004C955F /* CloverRankingResponse.swift */ = {isa = PBXFileReference; lastKnownFileType = sourcecode.swift; path = CloverRankingResponse.swift; sourceTree = "<group>"; };
		BB73507426A356A7004C955F /* CloverDataService.swift */ = {isa = PBXFileReference; lastKnownFileType = sourcecode.swift; path = CloverDataService.swift; sourceTree = "<group>"; };
		BB73507626A356DD004C955F /* CloverAccumulateViewModel.swift */ = {isa = PBXFileReference; lastKnownFileType = sourcecode.swift; path = CloverAccumulateViewModel.swift; sourceTree = "<group>"; };
		BB73507826A356EC004C955F /* CloverRankingViewModel.swift */ = {isa = PBXFileReference; lastKnownFileType = sourcecode.swift; path = CloverRankingViewModel.swift; sourceTree = "<group>"; };
		BB73507A26A4AA7D004C955F /* TwinkleViewModel.swift */ = {isa = PBXFileReference; lastKnownFileType = sourcecode.swift; path = TwinkleViewModel.swift; sourceTree = "<group>"; };
		BB73507C26A4AA93004C955F /* TwinkleResponse.swift */ = {isa = PBXFileReference; lastKnownFileType = sourcecode.swift; path = TwinkleResponse.swift; sourceTree = "<group>"; };
		BB73507E26A4AB12004C955F /* TwinkleProveResponse.swift */ = {isa = PBXFileReference; lastKnownFileType = sourcecode.swift; path = TwinkleProveResponse.swift; sourceTree = "<group>"; };
		BB73508026A4AB2D004C955F /* TwinkleProveViewModel.swift */ = {isa = PBXFileReference; lastKnownFileType = sourcecode.swift; path = TwinkleProveViewModel.swift; sourceTree = "<group>"; };
		BB73508226A4AB5A004C955F /* TwinkleWriteInput.swift */ = {isa = PBXFileReference; lastKnownFileType = sourcecode.swift; path = TwinkleWriteInput.swift; sourceTree = "<group>"; };
		BB73508426A4AB84004C955F /* NoDataResponse.swift */ = {isa = PBXFileReference; lastKnownFileType = sourcecode.swift; path = NoDataResponse.swift; sourceTree = "<group>"; };
		BB73508726A4AD64004C955F /* TwinkleWriteViewModel.swift */ = {isa = PBXFileReference; lastKnownFileType = sourcecode.swift; path = TwinkleWriteViewModel.swift; sourceTree = "<group>"; };
		BB73508926A4AD76004C955F /* TwinkleLikeViewModel.swift */ = {isa = PBXFileReference; lastKnownFileType = sourcecode.swift; path = TwinkleLikeViewModel.swift; sourceTree = "<group>"; };
		BB73508B26A4AEC8004C955F /* TwinkleDataService.swift */ = {isa = PBXFileReference; lastKnownFileType = sourcecode.swift; path = TwinkleDataService.swift; sourceTree = "<group>"; };
		BBA56EE9268F2FDA000FDFC0 /* BM_Dohyeon.otf */ = {isa = PBXFileReference; lastKnownFileType = file; path = BM_Dohyeon.otf; sourceTree = "<group>"; };
		BBA56EEB268F360A000FDFC0 /* Main.storyboard */ = {isa = PBXFileReference; lastKnownFileType = file.storyboard; path = Main.storyboard; sourceTree = "<group>"; };
		BBA56EEE268F6A73000FDFC0 /* MainNavigationViewController.swift */ = {isa = PBXFileReference; lastKnownFileType = sourcecode.swift; path = MainNavigationViewController.swift; sourceTree = "<group>"; };
		BBA56EF0268F6A9D000FDFC0 /* MainTabBarViewController.swift */ = {isa = PBXFileReference; lastKnownFileType = sourcecode.swift; path = MainTabBarViewController.swift; sourceTree = "<group>"; };
		BBA56EF5268F6CAA000FDFC0 /* ProfileEditViewController.swift */ = {isa = PBXFileReference; lastKnownFileType = sourcecode.swift; path = ProfileEditViewController.swift; sourceTree = "<group>"; };
		BBA56EF7268F6CEB000FDFC0 /* ResignationViewController.swift */ = {isa = PBXFileReference; lastKnownFileType = sourcecode.swift; path = ResignationViewController.swift; sourceTree = "<group>"; };
		BBA56EF9268F6D26000FDFC0 /* HomeTabViewController.swift */ = {isa = PBXFileReference; lastKnownFileType = sourcecode.swift; path = HomeTabViewController.swift; sourceTree = "<group>"; };
		BBA56EFB268F6D36000FDFC0 /* GiftTabViewController.swift */ = {isa = PBXFileReference; lastKnownFileType = sourcecode.swift; path = GiftTabViewController.swift; sourceTree = "<group>"; };
		BBA56EFD268F6D41000FDFC0 /* TwinkleTabViewController.swift */ = {isa = PBXFileReference; lastKnownFileType = sourcecode.swift; path = TwinkleTabViewController.swift; sourceTree = "<group>"; };
		BBA56F00268F6D95000FDFC0 /* QRCodeViewController.swift */ = {isa = PBXFileReference; lastKnownFileType = sourcecode.swift; path = QRCodeViewController.swift; sourceTree = "<group>"; };
		BBA56F022691A318000FDFC0 /* GiftCell.swift */ = {isa = PBXFileReference; lastKnownFileType = sourcecode.swift; path = GiftCell.swift; sourceTree = "<group>"; };
		BBA56F072691C993000FDFC0 /* TwinkleTotalCell.swift */ = {isa = PBXFileReference; lastKnownFileType = sourcecode.swift; path = TwinkleTotalCell.swift; sourceTree = "<group>"; };
		BBA56F092691CA57000FDFC0 /* TwinkleStatusViewController.swift */ = {isa = PBXFileReference; lastKnownFileType = sourcecode.swift; path = TwinkleStatusViewController.swift; sourceTree = "<group>"; };
		BBA56F0B2691CAD3000FDFC0 /* TwinkleStatusCell.swift */ = {isa = PBXFileReference; lastKnownFileType = sourcecode.swift; path = TwinkleStatusCell.swift; sourceTree = "<group>"; };
		BBA56F0D2691D3EC000FDFC0 /* GiftHistoryPreViewController.swift */ = {isa = PBXFileReference; lastKnownFileType = sourcecode.swift; path = GiftHistoryPreViewController.swift; sourceTree = "<group>"; };
		BBA56F0F2691D575000FDFC0 /* GiftHistoryPreViewCell.swift */ = {isa = PBXFileReference; lastKnownFileType = sourcecode.swift; path = GiftHistoryPreViewCell.swift; sourceTree = "<group>"; };
		BBA56F132691DFC0000FDFC0 /* WorkingMemberPreViewCell.swift */ = {isa = PBXFileReference; lastKnownFileType = sourcecode.swift; path = WorkingMemberPreViewCell.swift; sourceTree = "<group>"; };
		BBA56F15269221F6000FDFC0 /* CloverHistoryViewController.swift */ = {isa = PBXFileReference; lastKnownFileType = sourcecode.swift; path = CloverHistoryViewController.swift; sourceTree = "<group>"; };
		BBD09EB8268B49D400AF4A56 /* OnBoardingViewController.swift */ = {isa = PBXFileReference; lastKnownFileType = sourcecode.swift; path = OnBoardingViewController.swift; sourceTree = "<group>"; };
		BBD09EBA268B4B6300AF4A56 /* RegisterViewController.swift */ = {isa = PBXFileReference; lastKnownFileType = sourcecode.swift; path = RegisterViewController.swift; sourceTree = "<group>"; };
		BBD09EBD268B9AB300AF4A56 /* NotoSansKR-Bold.otf */ = {isa = PBXFileReference; lastKnownFileType = file; path = "NotoSansKR-Bold.otf"; sourceTree = "<group>"; };
		BBD09EBE268B9AB700AF4A56 /* NotoSansKR-Medium.otf */ = {isa = PBXFileReference; lastKnownFileType = file; path = "NotoSansKR-Medium.otf"; sourceTree = "<group>"; };
		BBD09EBF268B9ABD00AF4A56 /* NotoSansKR-Regular.otf */ = {isa = PBXFileReference; lastKnownFileType = file; path = "NotoSansKR-Regular.otf"; sourceTree = "<group>"; };
		BBD09EC3268B9F4B00AF4A56 /* NotoSansKR-Thin.otf */ = {isa = PBXFileReference; lastKnownFileType = file; path = "NotoSansKR-Thin.otf"; sourceTree = "<group>"; };
		BBD09EC7268DC4AA00AF4A56 /* UIView.swift */ = {isa = PBXFileReference; lastKnownFileType = sourcecode.swift; path = UIView.swift; sourceTree = "<group>"; };
		BBD09EC9268DCB0400AF4A56 /* OnBoardingInfo.swift */ = {isa = PBXFileReference; lastKnownFileType = sourcecode.swift; path = OnBoardingInfo.swift; sourceTree = "<group>"; };
		BBD09ECB268DCD7A00AF4A56 /* OnBoardingViewModel.swift */ = {isa = PBXFileReference; lastKnownFileType = sourcecode.swift; path = OnBoardingViewModel.swift; sourceTree = "<group>"; };
		BBD09ECD268E079600AF4A56 /* JoinViewController.swift */ = {isa = PBXFileReference; lastKnownFileType = sourcecode.swift; path = JoinViewController.swift; sourceTree = "<group>"; };
		BBD09ECF268E07B100AF4A56 /* FailViewController.swift */ = {isa = PBXFileReference; lastKnownFileType = sourcecode.swift; path = FailViewController.swift; sourceTree = "<group>"; };
		BBD09ED3268E0B3300AF4A56 /* RegisterNavigationViewController.swift */ = {isa = PBXFileReference; lastKnownFileType = sourcecode.swift; path = RegisterNavigationViewController.swift; sourceTree = "<group>"; };
		BBD09ED5268E14D300AF4A56 /* UITextField.swift */ = {isa = PBXFileReference; lastKnownFileType = sourcecode.swift; path = UITextField.swift; sourceTree = "<group>"; };
		BBD6209F26AE4833003EDC63 /* OpenSourceViewController.swift */ = {isa = PBXFileReference; lastKnownFileType = sourcecode.swift; path = OpenSourceViewController.swift; sourceTree = "<group>"; };
		BBD620A126AE4870003EDC63 /* MyPageTermsOfServiceViewController.swift */ = {isa = PBXFileReference; lastKnownFileType = sourcecode.swift; path = MyPageTermsOfServiceViewController.swift; sourceTree = "<group>"; };
		BBD620A326AE4894003EDC63 /* MyPageOnBoardingViewController.swift */ = {isa = PBXFileReference; lastKnownFileType = sourcecode.swift; path = MyPageOnBoardingViewController.swift; sourceTree = "<group>"; };
		BBE9FC8F26A22E630057FDAD /* Int.swift */ = {isa = PBXFileReference; lastKnownFileType = sourcecode.swift; path = Int.swift; sourceTree = "<group>"; };
		BBE9FC9126A285BB0057FDAD /* SallyAlert.swift */ = {isa = PBXFileReference; lastKnownFileType = sourcecode.swift; path = SallyAlert.swift; sourceTree = "<group>"; };
		BBEB82F3268B008600B9CA54 /* MondaySally.app */ = {isa = PBXFileReference; explicitFileType = wrapper.application; includeInIndex = 0; path = MondaySally.app; sourceTree = BUILT_PRODUCTS_DIR; };
		BBEB82F6268B008600B9CA54 /* AppDelegate.swift */ = {isa = PBXFileReference; lastKnownFileType = sourcecode.swift; path = AppDelegate.swift; sourceTree = "<group>"; };
		BBEB82F8268B008600B9CA54 /* SceneDelegate.swift */ = {isa = PBXFileReference; lastKnownFileType = sourcecode.swift; path = SceneDelegate.swift; sourceTree = "<group>"; };
		BBEB82FA268B008600B9CA54 /* IntroViewController.swift */ = {isa = PBXFileReference; lastKnownFileType = sourcecode.swift; path = IntroViewController.swift; sourceTree = "<group>"; };
		BBEB82FD268B008600B9CA54 /* Base */ = {isa = PBXFileReference; lastKnownFileType = file.storyboard; name = Base; path = Base.lproj/Register.storyboard; sourceTree = "<group>"; };
		BBEB82FF268B008D00B9CA54 /* Assets.xcassets */ = {isa = PBXFileReference; lastKnownFileType = folder.assetcatalog; path = Assets.xcassets; sourceTree = "<group>"; };
		BBEB8302268B008D00B9CA54 /* Base */ = {isa = PBXFileReference; lastKnownFileType = file.storyboard; name = Base; path = Base.lproj/LaunchScreen.storyboard; sourceTree = "<group>"; };
		BBEB8304268B008D00B9CA54 /* Info.plist */ = {isa = PBXFileReference; lastKnownFileType = text.plist.xml; path = Info.plist; sourceTree = "<group>"; };
		BBEB8314268B045000B9CA54 /* Constant.swift */ = {isa = PBXFileReference; lastKnownFileType = sourcecode.swift; path = Constant.swift; sourceTree = "<group>"; };
		BBEB8316268B049D00B9CA54 /* Device.swift */ = {isa = PBXFileReference; lastKnownFileType = sourcecode.swift; path = Device.swift; sourceTree = "<group>"; };
		BBEB8318268B04C800B9CA54 /* IndicatorView.swift */ = {isa = PBXFileReference; lastKnownFileType = sourcecode.swift; path = IndicatorView.swift; sourceTree = "<group>"; };
		BBEB831A268B04EE00B9CA54 /* Date.swift */ = {isa = PBXFileReference; lastKnownFileType = sourcecode.swift; path = Date.swift; sourceTree = "<group>"; };
		BBEB831C268B050B00B9CA54 /* String.swift */ = {isa = PBXFileReference; lastKnownFileType = sourcecode.swift; path = String.swift; sourceTree = "<group>"; };
		BBEB831E268B053900B9CA54 /* Color.swift */ = {isa = PBXFileReference; lastKnownFileType = sourcecode.swift; path = Color.swift; sourceTree = "<group>"; };
		BBEB8320268B056400B9CA54 /* UIButton.swift */ = {isa = PBXFileReference; lastKnownFileType = sourcecode.swift; path = UIButton.swift; sourceTree = "<group>"; };
		BBEB8322268B057E00B9CA54 /* UIViewController.swift */ = {isa = PBXFileReference; lastKnownFileType = sourcecode.swift; path = UIViewController.swift; sourceTree = "<group>"; };
		BBEB8324268B05CC00B9CA54 /* UINavigationBar.swift */ = {isa = PBXFileReference; lastKnownFileType = sourcecode.swift; path = UINavigationBar.swift; sourceTree = "<group>"; };
		BBEB8326268B0B5700B9CA54 /* BaseViewController.swift */ = {isa = PBXFileReference; lastKnownFileType = sourcecode.swift; path = BaseViewController.swift; sourceTree = "<group>"; };
		BBEB8328268B0D6100B9CA54 /* JwtToken.swift */ = {isa = PBXFileReference; lastKnownFileType = sourcecode.swift; path = JwtToken.swift; sourceTree = "<group>"; };
		BBEF261526A1F4FF00893DD5 /* EditProfileResponse.swift */ = {isa = PBXFileReference; lastKnownFileType = sourcecode.swift; path = EditProfileResponse.swift; sourceTree = "<group>"; };
		BBEF261726A1F5F900893DD5 /* GiftDataService.swift */ = {isa = PBXFileReference; lastKnownFileType = sourcecode.swift; path = GiftDataService.swift; sourceTree = "<group>"; };
		DEE9AA0A7DCB4BC6CA28E14E /* Pods-MondaySally.release.xcconfig */ = {isa = PBXFileReference; includeInIndex = 1; lastKnownFileType = text.xcconfig; name = "Pods-MondaySally.release.xcconfig"; path = "Target Support Files/Pods-MondaySally/Pods-MondaySally.release.xcconfig"; sourceTree = "<group>"; };
/* End PBXFileReference section */

/* Begin PBXFrameworksBuildPhase section */
		BBEB82F0268B008600B9CA54 /* Frameworks */ = {
			isa = PBXFrameworksBuildPhase;
			buildActionMask = 2147483647;
			files = (
				4E0E688E51A9206DF7A003D3 /* Pods_MondaySally.framework in Frameworks */,
			);
			runOnlyForDeploymentPostprocessing = 0;
		};
/* End PBXFrameworksBuildPhase section */

/* Begin PBXGroup section */
		01D79B933FC6F341D6E7A3B6 /* Frameworks */ = {
			isa = PBXGroup;
			children = (
				4F5DECD00760518AB09407E4 /* Pods_MondaySally.framework */,
			);
			name = Frameworks;
			sourceTree = "<group>";
		};
		BB5FE5B62696412F00F2A7A6 /* Network */ = {
			isa = PBXGroup;
			children = (
				BB5FE5B72696417F00F2A7A6 /* AuthDataService.swift */,
				BB233C4226A5E67D00A443B0 /* HomeDataService.swift */,
				BBEF261726A1F5F900893DD5 /* GiftDataService.swift */,
				BB73507426A356A7004C955F /* CloverDataService.swift */,
				BB73508B26A4AEC8004C955F /* TwinkleDataService.swift */,
			);
			path = Network;
			sourceTree = "<group>";
		};
		BBA56EED268F6A47000FDFC0 /* Main */ = {
			isa = PBXGroup;
			children = (
				BBA56EEE268F6A73000FDFC0 /* MainNavigationViewController.swift */,
				BBA56EF0268F6A9D000FDFC0 /* MainTabBarViewController.swift */,
				BB5D340826A96A170069BAD9 /* MyPageTableViewController.swift */,
				BBA56EF5268F6CAA000FDFC0 /* ProfileEditViewController.swift */,
				BBA56EF7268F6CEB000FDFC0 /* ResignationViewController.swift */,
				BBA56F00268F6D95000FDFC0 /* QRCodeViewController.swift */,
				BB5D340A26AB87D30069BAD9 /* VersionCheckViewController.swift */,
				BBD6209F26AE4833003EDC63 /* OpenSourceViewController.swift */,
				BBD620A126AE4870003EDC63 /* MyPageTermsOfServiceViewController.swift */,
				BBD620A326AE4894003EDC63 /* MyPageOnBoardingViewController.swift */,
				BBA56F042691C7EA000FDFC0 /* Home */,
				BBA56F052691C7F0000FDFC0 /* GiftShop */,
				BBA56F062691C7F6000FDFC0 /* Twinkle */,
			);
			path = Main;
			sourceTree = "<group>";
		};
		BBA56F042691C7EA000FDFC0 /* Home */ = {
			isa = PBXGroup;
			children = (
				BBA56EF9268F6D26000FDFC0 /* HomeTabViewController.swift */,
				BBA56F0D2691D3EC000FDFC0 /* GiftHistoryPreViewController.swift */,
				BBA56F0F2691D575000FDFC0 /* GiftHistoryPreViewCell.swift */,
				BB5FE58E2692DED600F2A7A6 /* GiftHistoryViewController.swift */,
				BB5FE5902692E00700F2A7A6 /* GiftHistoryCell.swift */,
				BB5FE5922692E1F000F2A7A6 /* GiftHistoryHeader.swift */,
				BB5FE5942692EBAA00F2A7A6 /* CloverRankingViewController.swift */,
				BB5FE5962692EBC200F2A7A6 /* CloverRankingCell.swift */,
				BBA56F132691DFC0000FDFC0 /* WorkingMemberPreViewCell.swift */,
				BBA56F15269221F6000FDFC0 /* CloverHistoryViewController.swift */,
				BB5FE580269243A100F2A7A6 /* TotalCloverViewController.swift */,
				BB5FE586269247B600F2A7A6 /* TotalCloverCell.swift */,
				BB5FE582269243E200F2A7A6 /* UsedCloverViewController.swift */,
				BB5FE588269247D600F2A7A6 /* UsedCloverCell.swift */,
				BB5FE5842692440400F2A7A6 /* CurrentCloverViewController.swift */,
				BB5FE58C26924B2100F2A7A6 /* AvailableGiftCell.swift */,
			);
			path = Home;
			sourceTree = "<group>";
		};
		BBA56F052691C7F0000FDFC0 /* GiftShop */ = {
			isa = PBXGroup;
			children = (
				BBA56F022691A318000FDFC0 /* GiftCell.swift */,
				BBA56EFB268F6D36000FDFC0 /* GiftTabViewController.swift */,
				BB5FE5982692F0D200F2A7A6 /* GiftShopDetailViewController.swift */,
				BB5FE59A2693577E00F2A7A6 /* GiftCompletedViewController.swift */,
				BB5FE5CF269C74B800F2A7A6 /* GiftShopHeader.swift */,
			);
			path = GiftShop;
			sourceTree = "<group>";
		};
		BBA56F062691C7F6000FDFC0 /* Twinkle */ = {
			isa = PBXGroup;
			children = (
				BBA56EFD268F6D41000FDFC0 /* TwinkleTabViewController.swift */,
				BBA56F072691C993000FDFC0 /* TwinkleTotalCell.swift */,
				BBA56F092691CA57000FDFC0 /* TwinkleStatusViewController.swift */,
				BBA56F0B2691CAD3000FDFC0 /* TwinkleStatusCell.swift */,
				BB5FE59E26938F3600F2A7A6 /* TwinklePostViewController.swift */,
				BB5FE5A426938FC200F2A7A6 /* TwinklePostCommentCell.swift */,
				BB5FE5A026938F5400F2A7A6 /* TwinklePostImageViewController.swift */,
				BB5FE5A226938F8F00F2A7A6 /* TwinklePostImageCell.swift */,
				BB5FE5A62695AF8A00F2A7A6 /* TwinkleWriteViewController.swift */,
			);
			path = Twinkle;
			sourceTree = "<group>";
		};
		BBD09EB2268B3B3C00AF4A56 /* ViewModels */ = {
			isa = PBXGroup;
			children = (
				BBD09ECB268DCD7A00AF4A56 /* OnBoardingViewModel.swift */,
				BB5FE5B026963CDF00F2A7A6 /* TeamCodeViewModel.swift */,
				BB5FE5B226963CF200F2A7A6 /* AutoLoginViewModel.swift */,
				BB233C3C26A5D98800A443B0 /* CommuteViewModel.swift */,
				BB5FE5B426963D0600F2A7A6 /* ResignationViewModel.swift */,
				BB5FE5C126972B5400F2A7A6 /* MyProfileViewModel.swift */,
				BB5FE5C326982FE700F2A7A6 /* EditProfileViewModel.swift */,
				BB5FE5D8269DDC4600F2A7A6 /* FCMDeviceTokenViewModel.swift */,
				BB233C4026A5E60400A443B0 /* HomeViewModel.swift */,
				BB4CD4AA26A081D700BD1E91 /* GiftListViewModel.swift */,
				BB4CD4AC26A081E800BD1E91 /* GiftDetailViewModel.swift */,
				BB4CD4B426A087BF00BD1E91 /* GiftRequestViewModel.swift */,
				BB4CD4B626A087E600BD1E91 /* GiftHistoryViewModel.swift */,
				BB73507626A356DD004C955F /* CloverAccumulateViewModel.swift */,
				BB5A321126A86CE500C814E4 /* CloverCurrentViewModel.swift */,
				BB5A321326A86CF400C814E4 /* CloverUsedViewModel.swift */,
				BB73507826A356EC004C955F /* CloverRankingViewModel.swift */,
				BB73507A26A4AA7D004C955F /* TwinkleViewModel.swift */,
				BB5A320526A7599D00C814E4 /* TwinkleDetailViewModel.swift */,
				BB73508026A4AB2D004C955F /* TwinkleProveViewModel.swift */,
				BB73508926A4AD76004C955F /* TwinkleLikeViewModel.swift */,
				BB5A320726A7680300C814E4 /* TwinkleCommentWriteViewModel.swift */,
				BB5A320B26A779FC00C814E4 /* TwinkleCommentDeleteViewModel.swift */,
				BB73508726A4AD64004C955F /* TwinkleWriteViewModel.swift */,
				BB5D340E26AC56480069BAD9 /* TwinkleEditViewModel.swift */,
				BB508C7726A92EB6002F5A19 /* TwinkleDeleteViewModel.swift */,
			);
			path = ViewModels;
			sourceTree = "<group>";
		};
		BBD09EB3268B3B4400AF4A56 /* Models */ = {
			isa = PBXGroup;
			children = (
				BB73508426A4AB84004C955F /* NoDataResponse.swift */,
				BBD09EC9268DCB0400AF4A56 /* OnBoardingInfo.swift */,
				BB5FE5B9269705C300F2A7A6 /* AppVersionResponse.swift */,
				BB5FE5AE269637AB00F2A7A6 /* ResignationRequestResponse.swift */,
				BB5FE5AA269636D100F2A7A6 /* TeamCodeIResponse.swift */,
				BB5FE5AC2696374F00F2A7A6 /* AutoLoginResponse.swift */,
				BB5FE5BD269709D100F2A7A6 /* MyProfileResponse.swift */,
				BB5FE5BF26970F9200F2A7A6 /* EditProfileInput.swift */,
				BBEF261526A1F4FF00893DD5 /* EditProfileResponse.swift */,
				BB5FE5D6269DD38600F2A7A6 /* FCMDeviceTokenSaveResponse.swift */,
				BB233C3E26A5E5F000A443B0 /* HomeResponse.swift */,
				BB4CD4A826A07E1300BD1E91 /* GiftListResponse.swift */,
				BB4CD4AE26A081F900BD1E91 /* GiftDetailResponse.swift */,
				BB4CD4B026A0879E00BD1E91 /* GiftRequestInput.swift */,
				BB4CD4B226A087AC00BD1E91 /* GiftRequestResponse.swift */,
				BB4CD4B826A0881000BD1E91 /* GiftHistoryResponse.swift */,
				BB73507026A35666004C955F /* CloverAccumulateResponse.swift */,
				BB5A320D26A868D600C814E4 /* CloverCurrentResponse.swift */,
				BB5A320F26A868E600C814E4 /* CloverUsedResponse.swift */,
				BB73507226A3568D004C955F /* CloverRankingResponse.swift */,
				BB73507C26A4AA93004C955F /* TwinkleResponse.swift */,
				BB5A320326A7517E00C814E4 /* TwinkleDetailResponse.swift */,
				BB73507E26A4AB12004C955F /* TwinkleProveResponse.swift */,
				BB73508226A4AB5A004C955F /* TwinkleWriteInput.swift */,
				BB5D340C26AC3D8B0069BAD9 /* TwinkleEditInput.swift */,
			);
			path = Models;
			sourceTree = "<group>";
		};
		BBD09EB4268B3B5A00AF4A56 /* Controllers */ = {
			isa = PBXGroup;
			children = (
				BBD09ED2268E07C700AF4A56 /* Intro */,
				BBA56EED268F6A47000FDFC0 /* Main */,
			);
			path = Controllers;
			sourceTree = "<group>";
		};
		BBD09EB6268B3C0700AF4A56 /* Storyboards */ = {
			isa = PBXGroup;
			children = (
				BBEB82FC268B008600B9CA54 /* Register.storyboard */,
				BBA56EEB268F360A000FDFC0 /* Main.storyboard */,
			);
			path = Storyboards;
			sourceTree = "<group>";
		};
		BBD09EB7268B3C2E00AF4A56 /* Resources */ = {
			isa = PBXGroup;
			children = (
				BBEB82F6268B008600B9CA54 /* AppDelegate.swift */,
				BBEB82F8268B008600B9CA54 /* SceneDelegate.swift */,
			);
			path = Resources;
			sourceTree = "<group>";
		};
		BBD09EBC268B9A9D00AF4A56 /* Font */ = {
			isa = PBXGroup;
			children = (
				BBA56EE9268F2FDA000FDFC0 /* BM_Dohyeon.otf */,
				BB5FE5DA269E28C800F2A7A6 /* NotoSansKR-Light.otf */,
				BBD09EC3268B9F4B00AF4A56 /* NotoSansKR-Thin.otf */,
				BBD09EBD268B9AB300AF4A56 /* NotoSansKR-Bold.otf */,
				BBD09EBE268B9AB700AF4A56 /* NotoSansKR-Medium.otf */,
				BBD09EBF268B9ABD00AF4A56 /* NotoSansKR-Regular.otf */,
			);
			path = Font;
			sourceTree = "<group>";
		};
		BBD09ED2268E07C700AF4A56 /* Intro */ = {
			isa = PBXGroup;
			children = (
				BBEB82FA268B008600B9CA54 /* IntroViewController.swift */,
				BBD09EB8268B49D400AF4A56 /* OnBoardingViewController.swift */,
				BBD09ED3268E0B3300AF4A56 /* RegisterNavigationViewController.swift */,
				BBD09EBA268B4B6300AF4A56 /* RegisterViewController.swift */,
				BBD09ECD268E079600AF4A56 /* JoinViewController.swift */,
				BBD09ECF268E07B100AF4A56 /* FailViewController.swift */,
				BB2FA680269F548100F09B4A /* TermsOfServiceViewController.swift */,
			);
			path = Intro;
			sourceTree = "<group>";
		};
		BBEB82EA268B008600B9CA54 = {
			isa = PBXGroup;
			children = (
				BBEB82F5268B008600B9CA54 /* MondaySally */,
				BBEB82F4268B008600B9CA54 /* Products */,
				CFB246CB7CD2758945911B49 /* Pods */,
				01D79B933FC6F341D6E7A3B6 /* Frameworks */,
			);
			sourceTree = "<group>";
		};
		BBEB82F4268B008600B9CA54 /* Products */ = {
			isa = PBXGroup;
			children = (
				BBEB82F3268B008600B9CA54 /* MondaySally.app */,
			);
			name = Products;
			sourceTree = "<group>";
		};
		BBEB82F5268B008600B9CA54 /* MondaySally */ = {
			isa = PBXGroup;
			children = (
				BB5FE5D3269DB06000F2A7A6 /* MondaySally.entitlements */,
				BBEB830A268B028400B9CA54 /* Configuration */,
				BB5FE5B62696412F00F2A7A6 /* Network */,
				BBD09EB3268B3B4400AF4A56 /* Models */,
				BBD09EB2268B3B3C00AF4A56 /* ViewModels */,
				BBEB830B268B02A200B9CA54 /* Views */,
				BBD09EB4268B3B5A00AF4A56 /* Controllers */,
				BBEB8304268B008D00B9CA54 /* Info.plist */,
				BB5FE5D4269DB59500F2A7A6 /* GoogleService-Info.plist */,
			);
			path = MondaySally;
			sourceTree = "<group>";
		};
		BBEB830A268B028400B9CA54 /* Configuration */ = {
			isa = PBXGroup;
			children = (
				BBEB8314268B045000B9CA54 /* Constant.swift */,
				BBEB830D268B03C300B9CA54 /* Certificate */,
				BBEB830E268B03CC00B9CA54 /* Secret */,
				BBD09EBC268B9A9D00AF4A56 /* Font */,
				BBEB8310268B03D600B9CA54 /* Extension */,
				BBEB8311268B03DC00B9CA54 /* CommonClass */,
				BBEB8312268B03E200B9CA54 /* Base */,
				BBD09EB7268B3C2E00AF4A56 /* Resources */,
			);
			path = Configuration;
			sourceTree = "<group>";
		};
		BBEB830B268B02A200B9CA54 /* Views */ = {
			isa = PBXGroup;
			children = (
				BBD09EB6268B3C0700AF4A56 /* Storyboards */,
				BBEB830C268B039B00B9CA54 /* Splash */,
				BBEB8301268B008D00B9CA54 /* LaunchScreen.storyboard */,
				BBEB82FF268B008D00B9CA54 /* Assets.xcassets */,
			);
			path = Views;
			sourceTree = "<group>";
		};
		BBEB830C268B039B00B9CA54 /* Splash */ = {
			isa = PBXGroup;
			children = (
			);
			path = Splash;
			sourceTree = "<group>";
		};
		BBEB830D268B03C300B9CA54 /* Certificate */ = {
			isa = PBXGroup;
			children = (
			);
			path = Certificate;
			sourceTree = "<group>";
		};
		BBEB830E268B03CC00B9CA54 /* Secret */ = {
			isa = PBXGroup;
			children = (
				BBEB8328268B0D6100B9CA54 /* JwtToken.swift */,
			);
			path = Secret;
			sourceTree = "<group>";
		};
		BBEB8310268B03D600B9CA54 /* Extension */ = {
			isa = PBXGroup;
			children = (
				BBEB831A268B04EE00B9CA54 /* Date.swift */,
				BBEB831C268B050B00B9CA54 /* String.swift */,
				BBE9FC8F26A22E630057FDAD /* Int.swift */,
				BBEB831E268B053900B9CA54 /* Color.swift */,
				BBEB8320268B056400B9CA54 /* UIButton.swift */,
				BBEB8322268B057E00B9CA54 /* UIViewController.swift */,
				BBEB8324268B05CC00B9CA54 /* UINavigationBar.swift */,
				BBD09EC7268DC4AA00AF4A56 /* UIView.swift */,
				BBD09ED5268E14D300AF4A56 /* UITextField.swift */,
				BB5FE59C269375D200F2A7A6 /* UITextView.swift */,
				BB5FE5A82695EBF300F2A7A6 /* UITabBar.swift */,
				BB5A31FF26A6294400C814E4 /* UICollectionView.swift */,
				BB5A320126A73E0500C814E4 /* UITableView.swift */,
				BB5A320926A7729100C814E4 /* UIScrollView.swift */,
			);
			path = Extension;
			sourceTree = "<group>";
		};
		BBEB8311268B03DC00B9CA54 /* CommonClass */ = {
			isa = PBXGroup;
			children = (
				BBEB8316268B049D00B9CA54 /* Device.swift */,
				BBEB8318268B04C800B9CA54 /* IndicatorView.swift */,
				BB5FE5CD269B7C2400F2A7A6 /* SallyNotificationAlert.swift */,
				BBE9FC9126A285BB0057FDAD /* SallyAlert.swift */,
				BB5A31F726A6020A00C814E4 /* ImageLoader.swift */,
			);
			path = CommonClass;
			sourceTree = "<group>";
		};
		BBEB8312268B03E200B9CA54 /* Base */ = {
			isa = PBXGroup;
			children = (
				BBEB8326268B0B5700B9CA54 /* BaseViewController.swift */,
			);
			path = Base;
			sourceTree = "<group>";
		};
		CFB246CB7CD2758945911B49 /* Pods */ = {
			isa = PBXGroup;
			children = (
				12056DD067E4AC28B679051F /* Pods-MondaySally.debug.xcconfig */,
				DEE9AA0A7DCB4BC6CA28E14E /* Pods-MondaySally.release.xcconfig */,
			);
			path = Pods;
			sourceTree = "<group>";
		};
/* End PBXGroup section */

/* Begin PBXNativeTarget section */
		BBEB82F2268B008600B9CA54 /* MondaySally */ = {
			isa = PBXNativeTarget;
			buildConfigurationList = BBEB8307268B008D00B9CA54 /* Build configuration list for PBXNativeTarget "MondaySally" */;
			buildPhases = (
				51D8F944002825447EBDD042 /* [CP] Check Pods Manifest.lock */,
				BBEB82EF268B008600B9CA54 /* Sources */,
				BBEB82F0268B008600B9CA54 /* Frameworks */,
				BBEB82F1268B008600B9CA54 /* Resources */,
				A9FAA53E1ED82F99EB4DE25C /* [CP] Embed Pods Frameworks */,
			);
			buildRules = (
			);
			dependencies = (
			);
			name = MondaySally;
			productName = MondaySally;
			productReference = BBEB82F3268B008600B9CA54 /* MondaySally.app */;
			productType = "com.apple.product-type.application";
		};
/* End PBXNativeTarget section */

/* Begin PBXProject section */
		BBEB82EB268B008600B9CA54 /* Project object */ = {
			isa = PBXProject;
			attributes = {
				LastSwiftUpdateCheck = 1250;
				LastUpgradeCheck = 1250;
				TargetAttributes = {
					BBEB82F2268B008600B9CA54 = {
						CreatedOnToolsVersion = 12.5;
					};
				};
			};
			buildConfigurationList = BBEB82EE268B008600B9CA54 /* Build configuration list for PBXProject "MondaySally" */;
			compatibilityVersion = "Xcode 9.3";
			developmentRegion = en;
			hasScannedForEncodings = 0;
			knownRegions = (
				en,
				Base,
			);
			mainGroup = BBEB82EA268B008600B9CA54;
			productRefGroup = BBEB82F4268B008600B9CA54 /* Products */;
			projectDirPath = "";
			projectRoot = "";
			targets = (
				BBEB82F2268B008600B9CA54 /* MondaySally */,
			);
		};
/* End PBXProject section */

/* Begin PBXResourcesBuildPhase section */
		BBEB82F1268B008600B9CA54 /* Resources */ = {
			isa = PBXResourcesBuildPhase;
			buildActionMask = 2147483647;
			files = (
				BBEB8303268B008D00B9CA54 /* LaunchScreen.storyboard in Resources */,
				BBA56EEA268F2FDA000FDFC0 /* BM_Dohyeon.otf in Resources */,
				BBD09EC6268BA07700AF4A56 /* NotoSansKR-Bold.otf in Resources */,
				BBD09EC4268B9FA200AF4A56 /* NotoSansKR-Thin.otf in Resources */,
				BBD09EC5268BA07400AF4A56 /* NotoSansKR-Medium.otf in Resources */,
				BBD09EC2268B9AE500AF4A56 /* NotoSansKR-Regular.otf in Resources */,
				BB5FE5DB269E28C800F2A7A6 /* NotoSansKR-Light.otf in Resources */,
				BBA56EEC268F360A000FDFC0 /* Main.storyboard in Resources */,
				BB5FE5D5269DB59500F2A7A6 /* GoogleService-Info.plist in Resources */,
				BBEB8300268B008D00B9CA54 /* Assets.xcassets in Resources */,
				BBEB82FE268B008600B9CA54 /* Register.storyboard in Resources */,
			);
			runOnlyForDeploymentPostprocessing = 0;
		};
/* End PBXResourcesBuildPhase section */

/* Begin PBXShellScriptBuildPhase section */
		51D8F944002825447EBDD042 /* [CP] Check Pods Manifest.lock */ = {
			isa = PBXShellScriptBuildPhase;
			buildActionMask = 2147483647;
			files = (
			);
			inputFileListPaths = (
			);
			inputPaths = (
				"${PODS_PODFILE_DIR_PATH}/Podfile.lock",
				"${PODS_ROOT}/Manifest.lock",
			);
			name = "[CP] Check Pods Manifest.lock";
			outputFileListPaths = (
			);
			outputPaths = (
				"$(DERIVED_FILE_DIR)/Pods-MondaySally-checkManifestLockResult.txt",
			);
			runOnlyForDeploymentPostprocessing = 0;
			shellPath = /bin/sh;
			shellScript = "diff \"${PODS_PODFILE_DIR_PATH}/Podfile.lock\" \"${PODS_ROOT}/Manifest.lock\" > /dev/null\nif [ $? != 0 ] ; then\n    # print error to STDERR\n    echo \"error: The sandbox is not in sync with the Podfile.lock. Run 'pod install' or update your CocoaPods installation.\" >&2\n    exit 1\nfi\n# This output is used by Xcode 'outputs' to avoid re-running this script phase.\necho \"SUCCESS\" > \"${SCRIPT_OUTPUT_FILE_0}\"\n";
			showEnvVarsInLog = 0;
		};
		A9FAA53E1ED82F99EB4DE25C /* [CP] Embed Pods Frameworks */ = {
			isa = PBXShellScriptBuildPhase;
			buildActionMask = 2147483647;
			files = (
			);
			inputFileListPaths = (
				"${PODS_ROOT}/Target Support Files/Pods-MondaySally/Pods-MondaySally-frameworks-${CONFIGURATION}-input-files.xcfilelist",
			);
			name = "[CP] Embed Pods Frameworks";
			outputFileListPaths = (
				"${PODS_ROOT}/Target Support Files/Pods-MondaySally/Pods-MondaySally-frameworks-${CONFIGURATION}-output-files.xcfilelist",
			);
			runOnlyForDeploymentPostprocessing = 0;
			shellPath = /bin/sh;
			shellScript = "\"${PODS_ROOT}/Target Support Files/Pods-MondaySally/Pods-MondaySally-frameworks.sh\"\n";
			showEnvVarsInLog = 0;
		};
/* End PBXShellScriptBuildPhase section */

/* Begin PBXSourcesBuildPhase section */
		BBEB82EF268B008600B9CA54 /* Sources */ = {
			isa = PBXSourcesBuildPhase;
			buildActionMask = 2147483647;
			files = (
				BB5FE5B126963CDF00F2A7A6 /* TeamCodeViewModel.swift in Sources */,
				BB5FE5BE269709D100F2A7A6 /* MyProfileResponse.swift in Sources */,
				BBEB8327268B0B5700B9CA54 /* BaseViewController.swift in Sources */,
				BB5FE583269243E200F2A7A6 /* UsedCloverViewController.swift in Sources */,
				BBEF261826A1F5F900893DD5 /* GiftDataService.swift in Sources */,
				BB73508326A4AB5A004C955F /* TwinkleWriteInput.swift in Sources */,
				BBA56F0A2691CA57000FDFC0 /* TwinkleStatusViewController.swift in Sources */,
				BBA56F032691A318000FDFC0 /* GiftCell.swift in Sources */,
				BBA56EF6268F6CAA000FDFC0 /* ProfileEditViewController.swift in Sources */,
				BBEB82FB268B008600B9CA54 /* IntroViewController.swift in Sources */,
				BBD09ED6268E14D300AF4A56 /* UITextField.swift in Sources */,
				BBEB82F7268B008600B9CA54 /* AppDelegate.swift in Sources */,
				BB5A320A26A7729100C814E4 /* UIScrollView.swift in Sources */,
				BB73507126A35666004C955F /* CloverAccumulateResponse.swift in Sources */,
				BBEB831B268B04EE00B9CA54 /* Date.swift in Sources */,
				BB233C3F26A5E5F000A443B0 /* HomeResponse.swift in Sources */,
				BB233C3D26A5D98800A443B0 /* CommuteViewModel.swift in Sources */,
				BBA56F0E2691D3EC000FDFC0 /* GiftHistoryPreViewController.swift in Sources */,
				BB5FE5852692440400F2A7A6 /* CurrentCloverViewController.swift in Sources */,
				BB5A320026A6294400C814E4 /* UICollectionView.swift in Sources */,
				BB5FE5AD2696374F00F2A7A6 /* AutoLoginResponse.swift in Sources */,
				BBA56EFA268F6D26000FDFC0 /* HomeTabViewController.swift in Sources */,
				BBA56EF1268F6A9D000FDFC0 /* MainTabBarViewController.swift in Sources */,
				BB233C4126A5E60400A443B0 /* HomeViewModel.swift in Sources */,
				BBEB8325268B05CC00B9CA54 /* UINavigationBar.swift in Sources */,
				BB5A320826A7680300C814E4 /* TwinkleCommentWriteViewModel.swift in Sources */,
				BB4CD4B126A0879E00BD1E91 /* GiftRequestInput.swift in Sources */,
				BBA56EF8268F6CEB000FDFC0 /* ResignationViewController.swift in Sources */,
				BB5FE5972692EBC200F2A7A6 /* CloverRankingCell.swift in Sources */,
				BB5A321026A868E600C814E4 /* CloverUsedResponse.swift in Sources */,
				BB5FE5CE269B7C2400F2A7A6 /* SallyNotificationAlert.swift in Sources */,
				BB5A320626A7599D00C814E4 /* TwinkleDetailViewModel.swift in Sources */,
				BB73507D26A4AA93004C955F /* TwinkleResponse.swift in Sources */,
				BBE9FC9226A285BB0057FDAD /* SallyAlert.swift in Sources */,
				BB5D340926A96A170069BAD9 /* MyPageTableViewController.swift in Sources */,
				BB5FE5A92695EBF300F2A7A6 /* UITabBar.swift in Sources */,
				BB5A320226A73E0500C814E4 /* UITableView.swift in Sources */,
				BB4CD4AF26A081F900BD1E91 /* GiftDetailResponse.swift in Sources */,
				BB5FE587269247B600F2A7A6 /* TotalCloverCell.swift in Sources */,
				BB5FE59B2693577E00F2A7A6 /* GiftCompletedViewController.swift in Sources */,
				BBEB8323268B057E00B9CA54 /* UIViewController.swift in Sources */,
				BBEF261626A1F4FF00893DD5 /* EditProfileResponse.swift in Sources */,
				BB5A320C26A779FC00C814E4 /* TwinkleCommentDeleteViewModel.swift in Sources */,
				BB5FE5D7269DD38600F2A7A6 /* FCMDeviceTokenSaveResponse.swift in Sources */,
				BB5FE59F26938F3600F2A7A6 /* TwinklePostViewController.swift in Sources */,
				BB73508526A4AB84004C955F /* NoDataResponse.swift in Sources */,
				BB73508A26A4AD76004C955F /* TwinkleLikeViewModel.swift in Sources */,
				BB73508C26A4AEC8004C955F /* TwinkleDataService.swift in Sources */,
				BB73508826A4AD64004C955F /* TwinkleWriteViewModel.swift in Sources */,
				BB5FE5D0269C74B800F2A7A6 /* GiftShopHeader.swift in Sources */,
				BB73507726A356DD004C955F /* CloverAccumulateViewModel.swift in Sources */,
				BB508C7826A92EB6002F5A19 /* TwinkleDeleteViewModel.swift in Sources */,
				BB5FE5952692EBAA00F2A7A6 /* CloverRankingViewController.swift in Sources */,
				BBE9FC9026A22E630057FDAD /* Int.swift in Sources */,
				BBEB82F9268B008600B9CA54 /* SceneDelegate.swift in Sources */,
				BB5FE5C026970F9200F2A7A6 /* EditProfileInput.swift in Sources */,
				BB73507526A356A7004C955F /* CloverDataService.swift in Sources */,
				BB5FE5B526963D0600F2A7A6 /* ResignationViewModel.swift in Sources */,
				BBEB8315268B045000B9CA54 /* Constant.swift in Sources */,
				BB5FE5A326938F8F00F2A7A6 /* TwinklePostImageCell.swift in Sources */,
				BBEB8321268B056400B9CA54 /* UIButton.swift in Sources */,
				BBD09EB9268B49D400AF4A56 /* OnBoardingViewController.swift in Sources */,
				BB5FE581269243A100F2A7A6 /* TotalCloverViewController.swift in Sources */,
				BBEB8329268B0D6100B9CA54 /* JwtToken.swift in Sources */,
				BBD09EBB268B4B6300AF4A56 /* RegisterViewController.swift in Sources */,
				BBA56F01268F6D95000FDFC0 /* QRCodeViewController.swift in Sources */,
				BB73508126A4AB2D004C955F /* TwinkleProveViewModel.swift in Sources */,
				BB2FA681269F548100F09B4A /* TermsOfServiceViewController.swift in Sources */,
				BBA56EEF268F6A73000FDFC0 /* MainNavigationViewController.swift in Sources */,
				BBA56F16269221F6000FDFC0 /* CloverHistoryViewController.swift in Sources */,
				BBEB8319268B04C800B9CA54 /* IndicatorView.swift in Sources */,
				BBD09ED4268E0B3300AF4A56 /* RegisterNavigationViewController.swift in Sources */,
				BB4CD4B926A0881000BD1E91 /* GiftHistoryResponse.swift in Sources */,
				BB4CD4B326A087AC00BD1E91 /* GiftRequestResponse.swift in Sources */,
				BB5A321226A86CE500C814E4 /* CloverCurrentViewModel.swift in Sources */,
				BB5FE5B326963CF200F2A7A6 /* AutoLoginViewModel.swift in Sources */,
				BB4CD4B726A087E600BD1E91 /* GiftHistoryViewModel.swift in Sources */,
				BB5A31F826A6020A00C814E4 /* ImageLoader.swift in Sources */,
				BBD09ED0268E07B100AF4A56 /* FailViewController.swift in Sources */,
				BB5FE5992692F0D200F2A7A6 /* GiftShopDetailViewController.swift in Sources */,
				BBA56F082691C993000FDFC0 /* TwinkleTotalCell.swift in Sources */,
				BB5FE5912692E00700F2A7A6 /* GiftHistoryCell.swift in Sources */,
				BB5A321426A86CF400C814E4 /* CloverUsedViewModel.swift in Sources */,
				BB73507F26A4AB12004C955F /* TwinkleProveResponse.swift in Sources */,
				BB5FE5A72695AF8A00F2A7A6 /* TwinkleWriteViewController.swift in Sources */,
				BBA56EFC268F6D36000FDFC0 /* GiftTabViewController.swift in Sources */,
				BBD09EC8268DC4AA00AF4A56 /* UIView.swift in Sources */,
				BB5A320426A7517E00C814E4 /* TwinkleDetailResponse.swift in Sources */,
				BBA56F102691D575000FDFC0 /* GiftHistoryPreViewCell.swift in Sources */,
				BBA56F0C2691CAD3000FDFC0 /* TwinkleStatusCell.swift in Sources */,
				BB5FE5B82696417F00F2A7A6 /* AuthDataService.swift in Sources */,
				BB5FE589269247D600F2A7A6 /* UsedCloverCell.swift in Sources */,
				BB5FE5AF269637AB00F2A7A6 /* ResignationRequestResponse.swift in Sources */,
				BB5D340F26AC56480069BAD9 /* TwinkleEditViewModel.swift in Sources */,
				BB4CD4A926A07E1300BD1E91 /* GiftListResponse.swift in Sources */,
				BB5FE5A526938FC200F2A7A6 /* TwinklePostCommentCell.swift in Sources */,
				BBD620A226AE4870003EDC63 /* MyPageTermsOfServiceViewController.swift in Sources */,
				BBD09ECA268DCB0400AF4A56 /* OnBoardingInfo.swift in Sources */,
				BB5FE5BA269705C300F2A7A6 /* AppVersionResponse.swift in Sources */,
				BB5FE5AB269636D100F2A7A6 /* TeamCodeIResponse.swift in Sources */,
				BBEB831D268B050B00B9CA54 /* String.swift in Sources */,
				BB5FE5932692E1F000F2A7A6 /* GiftHistoryHeader.swift in Sources */,
				BB5FE58F2692DED600F2A7A6 /* GiftHistoryViewController.swift in Sources */,
				BBEB8317268B049D00B9CA54 /* Device.swift in Sources */,
				BB5FE59D269375D200F2A7A6 /* UITextView.swift in Sources */,
				BB5D340D26AC3D8B0069BAD9 /* TwinkleEditInput.swift in Sources */,
				BB5FE5C426982FE700F2A7A6 /* EditProfileViewModel.swift in Sources */,
				BBEB831F268B053900B9CA54 /* Color.swift in Sources */,
				BB4CD4B526A087BF00BD1E91 /* GiftRequestViewModel.swift in Sources */,
				BB4CD4AD26A081E800BD1E91 /* GiftDetailViewModel.swift in Sources */,
				BB233C4326A5E67D00A443B0 /* HomeDataService.swift in Sources */,
				BBD09ECE268E079600AF4A56 /* JoinViewController.swift in Sources */,
				BB5FE5D9269DDC4600F2A7A6 /* FCMDeviceTokenViewModel.swift in Sources */,
				BB4CD4AB26A081D700BD1E91 /* GiftListViewModel.swift in Sources */,
				BB5FE5C226972B5400F2A7A6 /* MyProfileViewModel.swift in Sources */,
				BB73507326A3568D004C955F /* CloverRankingResponse.swift in Sources */,
				BBD620A026AE4833003EDC63 /* OpenSourceViewController.swift in Sources */,
				BBA56F142691DFC0000FDFC0 /* WorkingMemberPreViewCell.swift in Sources */,
				BB5D340B26AB87D30069BAD9 /* VersionCheckViewController.swift in Sources */,
				BB5FE58D26924B2100F2A7A6 /* AvailableGiftCell.swift in Sources */,
				BBD620A426AE4894003EDC63 /* MyPageOnBoardingViewController.swift in Sources */,
				BBA56EFE268F6D41000FDFC0 /* TwinkleTabViewController.swift in Sources */,
				BB73507B26A4AA7D004C955F /* TwinkleViewModel.swift in Sources */,
				BBD09ECC268DCD7A00AF4A56 /* OnBoardingViewModel.swift in Sources */,
				BB73507926A356EC004C955F /* CloverRankingViewModel.swift in Sources */,
				BB5FE5A126938F5400F2A7A6 /* TwinklePostImageViewController.swift in Sources */,
				BB5A320E26A868D600C814E4 /* CloverCurrentResponse.swift in Sources */,
			);
			runOnlyForDeploymentPostprocessing = 0;
		};
/* End PBXSourcesBuildPhase section */

/* Begin PBXVariantGroup section */
		BBEB82FC268B008600B9CA54 /* Register.storyboard */ = {
			isa = PBXVariantGroup;
			children = (
				BBEB82FD268B008600B9CA54 /* Base */,
			);
			name = Register.storyboard;
			sourceTree = "<group>";
		};
		BBEB8301268B008D00B9CA54 /* LaunchScreen.storyboard */ = {
			isa = PBXVariantGroup;
			children = (
				BBEB8302268B008D00B9CA54 /* Base */,
			);
			name = LaunchScreen.storyboard;
			sourceTree = "<group>";
		};
/* End PBXVariantGroup section */

/* Begin XCBuildConfiguration section */
		BBEB8305268B008D00B9CA54 /* Debug */ = {
			isa = XCBuildConfiguration;
			buildSettings = {
				ALWAYS_SEARCH_USER_PATHS = NO;
				CLANG_ANALYZER_NONNULL = YES;
				CLANG_ANALYZER_NUMBER_OBJECT_CONVERSION = YES_AGGRESSIVE;
				CLANG_CXX_LANGUAGE_STANDARD = "gnu++14";
				CLANG_CXX_LIBRARY = "libc++";
				CLANG_ENABLE_MODULES = YES;
				CLANG_ENABLE_OBJC_ARC = YES;
				CLANG_ENABLE_OBJC_WEAK = YES;
				CLANG_WARN_BLOCK_CAPTURE_AUTORELEASING = YES;
				CLANG_WARN_BOOL_CONVERSION = YES;
				CLANG_WARN_COMMA = YES;
				CLANG_WARN_CONSTANT_CONVERSION = YES;
				CLANG_WARN_DEPRECATED_OBJC_IMPLEMENTATIONS = YES;
				CLANG_WARN_DIRECT_OBJC_ISA_USAGE = YES_ERROR;
				CLANG_WARN_DOCUMENTATION_COMMENTS = YES;
				CLANG_WARN_EMPTY_BODY = YES;
				CLANG_WARN_ENUM_CONVERSION = YES;
				CLANG_WARN_INFINITE_RECURSION = YES;
				CLANG_WARN_INT_CONVERSION = YES;
				CLANG_WARN_NON_LITERAL_NULL_CONVERSION = YES;
				CLANG_WARN_OBJC_IMPLICIT_RETAIN_SELF = YES;
				CLANG_WARN_OBJC_LITERAL_CONVERSION = YES;
				CLANG_WARN_OBJC_ROOT_CLASS = YES_ERROR;
				CLANG_WARN_QUOTED_INCLUDE_IN_FRAMEWORK_HEADER = YES;
				CLANG_WARN_RANGE_LOOP_ANALYSIS = YES;
				CLANG_WARN_STRICT_PROTOTYPES = YES;
				CLANG_WARN_SUSPICIOUS_MOVE = YES;
				CLANG_WARN_UNGUARDED_AVAILABILITY = YES_AGGRESSIVE;
				CLANG_WARN_UNREACHABLE_CODE = YES;
				CLANG_WARN__DUPLICATE_METHOD_MATCH = YES;
				COPY_PHASE_STRIP = NO;
				DEBUG_INFORMATION_FORMAT = dwarf;
				ENABLE_STRICT_OBJC_MSGSEND = YES;
				ENABLE_TESTABILITY = YES;
				GCC_C_LANGUAGE_STANDARD = gnu11;
				GCC_DYNAMIC_NO_PIC = NO;
				GCC_NO_COMMON_BLOCKS = YES;
				GCC_OPTIMIZATION_LEVEL = 0;
				GCC_PREPROCESSOR_DEFINITIONS = (
					"DEBUG=1",
					"$(inherited)",
				);
				GCC_WARN_64_TO_32_BIT_CONVERSION = YES;
				GCC_WARN_ABOUT_RETURN_TYPE = YES_ERROR;
				GCC_WARN_UNDECLARED_SELECTOR = YES;
				GCC_WARN_UNINITIALIZED_AUTOS = YES_AGGRESSIVE;
				GCC_WARN_UNUSED_FUNCTION = YES;
				GCC_WARN_UNUSED_VARIABLE = YES;
				IPHONEOS_DEPLOYMENT_TARGET = 14.5;
				MTL_ENABLE_DEBUG_INFO = INCLUDE_SOURCE;
				MTL_FAST_MATH = YES;
				ONLY_ACTIVE_ARCH = YES;
				SDKROOT = iphoneos;
				SWIFT_ACTIVE_COMPILATION_CONDITIONS = DEBUG;
				SWIFT_OPTIMIZATION_LEVEL = "-Onone";
			};
			name = Debug;
		};
		BBEB8306268B008D00B9CA54 /* Release */ = {
			isa = XCBuildConfiguration;
			buildSettings = {
				ALWAYS_SEARCH_USER_PATHS = NO;
				CLANG_ANALYZER_NONNULL = YES;
				CLANG_ANALYZER_NUMBER_OBJECT_CONVERSION = YES_AGGRESSIVE;
				CLANG_CXX_LANGUAGE_STANDARD = "gnu++14";
				CLANG_CXX_LIBRARY = "libc++";
				CLANG_ENABLE_MODULES = YES;
				CLANG_ENABLE_OBJC_ARC = YES;
				CLANG_ENABLE_OBJC_WEAK = YES;
				CLANG_WARN_BLOCK_CAPTURE_AUTORELEASING = YES;
				CLANG_WARN_BOOL_CONVERSION = YES;
				CLANG_WARN_COMMA = YES;
				CLANG_WARN_CONSTANT_CONVERSION = YES;
				CLANG_WARN_DEPRECATED_OBJC_IMPLEMENTATIONS = YES;
				CLANG_WARN_DIRECT_OBJC_ISA_USAGE = YES_ERROR;
				CLANG_WARN_DOCUMENTATION_COMMENTS = YES;
				CLANG_WARN_EMPTY_BODY = YES;
				CLANG_WARN_ENUM_CONVERSION = YES;
				CLANG_WARN_INFINITE_RECURSION = YES;
				CLANG_WARN_INT_CONVERSION = YES;
				CLANG_WARN_NON_LITERAL_NULL_CONVERSION = YES;
				CLANG_WARN_OBJC_IMPLICIT_RETAIN_SELF = YES;
				CLANG_WARN_OBJC_LITERAL_CONVERSION = YES;
				CLANG_WARN_OBJC_ROOT_CLASS = YES_ERROR;
				CLANG_WARN_QUOTED_INCLUDE_IN_FRAMEWORK_HEADER = YES;
				CLANG_WARN_RANGE_LOOP_ANALYSIS = YES;
				CLANG_WARN_STRICT_PROTOTYPES = YES;
				CLANG_WARN_SUSPICIOUS_MOVE = YES;
				CLANG_WARN_UNGUARDED_AVAILABILITY = YES_AGGRESSIVE;
				CLANG_WARN_UNREACHABLE_CODE = YES;
				CLANG_WARN__DUPLICATE_METHOD_MATCH = YES;
				COPY_PHASE_STRIP = NO;
				DEBUG_INFORMATION_FORMAT = "dwarf-with-dsym";
				ENABLE_NS_ASSERTIONS = NO;
				ENABLE_STRICT_OBJC_MSGSEND = YES;
				GCC_C_LANGUAGE_STANDARD = gnu11;
				GCC_NO_COMMON_BLOCKS = YES;
				GCC_WARN_64_TO_32_BIT_CONVERSION = YES;
				GCC_WARN_ABOUT_RETURN_TYPE = YES_ERROR;
				GCC_WARN_UNDECLARED_SELECTOR = YES;
				GCC_WARN_UNINITIALIZED_AUTOS = YES_AGGRESSIVE;
				GCC_WARN_UNUSED_FUNCTION = YES;
				GCC_WARN_UNUSED_VARIABLE = YES;
				IPHONEOS_DEPLOYMENT_TARGET = 14.5;
				MTL_ENABLE_DEBUG_INFO = NO;
				MTL_FAST_MATH = YES;
				SDKROOT = iphoneos;
				SWIFT_COMPILATION_MODE = wholemodule;
				SWIFT_OPTIMIZATION_LEVEL = "-O";
				VALIDATE_PRODUCT = YES;
			};
			name = Release;
		};
		BBEB8308268B008D00B9CA54 /* Debug */ = {
			isa = XCBuildConfiguration;
			baseConfigurationReference = 12056DD067E4AC28B679051F /* Pods-MondaySally.debug.xcconfig */;
			buildSettings = {
				ASSETCATALOG_COMPILER_APPICON_NAME = AppIcon;
				ASSETCATALOG_COMPILER_GLOBAL_ACCENT_COLOR_NAME = AccentColor;
				CODE_SIGN_ENTITLEMENTS = MondaySally/MondaySally.entitlements;
				CODE_SIGN_IDENTITY = "iPhone Developer";
				CODE_SIGN_STYLE = Automatic;
				CURRENT_PROJECT_VERSION = 9;
				DEVELOPMENT_TEAM = 69F5355JYF;
				INFOPLIST_FILE = MondaySally/Info.plist;
				IPHONEOS_DEPLOYMENT_TARGET = 13.0;
				LD_RUNPATH_SEARCH_PATHS = (
					"$(inherited)",
					"@executable_path/Frameworks",
				);
				MARKETING_VERSION = 0.1.0;
				PRODUCT_BUNDLE_IDENTIFIER = com.project.by.sallyoflaw.mondaysally;
				PRODUCT_NAME = "$(TARGET_NAME)";
				PROVISIONING_PROFILE_SPECIFIER = "";
				SWIFT_VERSION = 5.0;
				TARGETED_DEVICE_FAMILY = 1;
			};
			name = Debug;
		};
		BBEB8309268B008D00B9CA54 /* Release */ = {
			isa = XCBuildConfiguration;
			baseConfigurationReference = DEE9AA0A7DCB4BC6CA28E14E /* Pods-MondaySally.release.xcconfig */;
			buildSettings = {
				ASSETCATALOG_COMPILER_APPICON_NAME = AppIcon;
				ASSETCATALOG_COMPILER_GLOBAL_ACCENT_COLOR_NAME = AccentColor;
				CODE_SIGN_ENTITLEMENTS = MondaySally/MondaySally.entitlements;
				CODE_SIGN_IDENTITY = "Apple Development";
				CODE_SIGN_STYLE = Automatic;
				CURRENT_PROJECT_VERSION = 9;
				DEVELOPMENT_TEAM = 69F5355JYF;
				INFOPLIST_FILE = MondaySally/Info.plist;
				IPHONEOS_DEPLOYMENT_TARGET = 13.0;
				LD_RUNPATH_SEARCH_PATHS = (
					"$(inherited)",
					"@executable_path/Frameworks",
				);
				MARKETING_VERSION = 0.1.0;
				PRODUCT_BUNDLE_IDENTIFIER = com.project.by.sallyoflaw.mondaysally;
				PRODUCT_NAME = "$(TARGET_NAME)";
				SWIFT_VERSION = 5.0;
				TARGETED_DEVICE_FAMILY = 1;
			};
			name = Release;
		};
/* End XCBuildConfiguration section */

/* Begin XCConfigurationList section */
		BBEB82EE268B008600B9CA54 /* Build configuration list for PBXProject "MondaySally" */ = {
			isa = XCConfigurationList;
			buildConfigurations = (
				BBEB8305268B008D00B9CA54 /* Debug */,
				BBEB8306268B008D00B9CA54 /* Release */,
			);
			defaultConfigurationIsVisible = 0;
			defaultConfigurationName = Release;
		};
		BBEB8307268B008D00B9CA54 /* Build configuration list for PBXNativeTarget "MondaySally" */ = {
			isa = XCConfigurationList;
			buildConfigurations = (
				BBEB8308268B008D00B9CA54 /* Debug */,
				BBEB8309268B008D00B9CA54 /* Release */,
			);
			defaultConfigurationIsVisible = 0;
			defaultConfigurationName = Release;
		};
/* End XCConfigurationList section */
	};
	rootObject = BBEB82EB268B008600B9CA54 /* Project object */;
}
